// !$*UTF8*$!
{
	archiveVersion = 1;
	classes = {
	};
	objectVersion = 46;
	objects = {

/* Begin PBXBuildFile section */
		3A0024E21C4A8FFF00C248D2 /* VKSdk+CustomAuthorizationDelegate.m in Sources */ = {isa = PBXBuildFile; fileRef = 3A0024E11C4A8FFF00C248D2 /* VKSdk+CustomAuthorizationDelegate.m */; };
		3A08A36B1C4BCAC60094AB63 /* MapTableViewCell.m in Sources */ = {isa = PBXBuildFile; fileRef = 3A08A36A1C4BCAC60094AB63 /* MapTableViewCell.m */; };
		3A08A3711C4BDE720094AB63 /* CafeViewController.m in Sources */ = {isa = PBXBuildFile; fileRef = 3A08A3701C4BDE720094AB63 /* CafeViewController.m */; };
		3A08A3741C4BE51A0094AB63 /* CafeTableViewCell.m in Sources */ = {isa = PBXBuildFile; fileRef = 3A08A3731C4BE51A0094AB63 /* CafeTableViewCell.m */; };
		3A08A3771C4BE9C20094AB63 /* ProfileViewController.m in Sources */ = {isa = PBXBuildFile; fileRef = 3A08A3761C4BE9C20094AB63 /* ProfileViewController.m */; };
		3A08A3791C4C07BF0094AB63 /* QuartzCore.framework in Frameworks */ = {isa = PBXBuildFile; fileRef = 3A08A3781C4C07BF0094AB63 /* QuartzCore.framework */; };
		3A08A37C1C4C0DA70094AB63 /* TariffViewController.m in Sources */ = {isa = PBXBuildFile; fileRef = 3A08A37B1C4C0DA70094AB63 /* TariffViewController.m */; };
		3A08A37F1C4C1B970094AB63 /* CustomButtonSettings.m in Sources */ = {isa = PBXBuildFile; fileRef = 3A08A37E1C4C1B970094AB63 /* CustomButtonSettings.m */; };
		3A1A46731C7B2E3E002DFE51 /* BWWalkthroughPageViewController.swift in Sources */ = {isa = PBXBuildFile; fileRef = 3A1A46711C7B2E3E002DFE51 /* BWWalkthroughPageViewController.swift */; };
		3A1A46741C7B2E3E002DFE51 /* BWWalkthroughViewController.swift in Sources */ = {isa = PBXBuildFile; fileRef = 3A1A46721C7B2E3E002DFE51 /* BWWalkthroughViewController.swift */; };
		3A1A46761C7B2E9D002DFE51 /* Walkthrough.storyboard in Resources */ = {isa = PBXBuildFile; fileRef = 3A1A46751C7B2E9D002DFE51 /* Walkthrough.storyboard */; };
		3A44AC9C1C498CAA00F10D2E /* FBSDKCoreKit.framework in Frameworks */ = {isa = PBXBuildFile; fileRef = 3A44AC991C498CAA00F10D2E /* FBSDKCoreKit.framework */; };
		3A44AC9D1C498CAA00F10D2E /* FBSDKLoginKit.framework in Frameworks */ = {isa = PBXBuildFile; fileRef = 3A44AC9A1C498CAA00F10D2E /* FBSDKLoginKit.framework */; };
		3A44AC9E1C498CAA00F10D2E /* FBSDKShareKit.framework in Frameworks */ = {isa = PBXBuildFile; fileRef = 3A44AC9B1C498CAA00F10D2E /* FBSDKShareKit.framework */; };
		3A44ACA11C49917000F10D2E /* libAFNetworking.a in Frameworks */ = {isa = PBXBuildFile; fileRef = 3A44AC9F1C49917000F10D2E /* libAFNetworking.a */; };
		3A44ACA21C49917000F10D2E /* libVK-ios-sdk.a in Frameworks */ = {isa = PBXBuildFile; fileRef = 3A44ACA01C49917000F10D2E /* libVK-ios-sdk.a */; };
		3A56C5B61C817DE5001B7A6F /* PaymentViewController.m in Sources */ = {isa = PBXBuildFile; fileRef = 3A56C5B51C817DE5001B7A6F /* PaymentViewController.m */; };
		3A661FA31C52B7AD00B9E604 /* CustomViewSettings.m in Sources */ = {isa = PBXBuildFile; fileRef = 3A661FA21C52B7AC00B9E604 /* CustomViewSettings.m */; };
		3AA7ACF21C81B44300544E3E /* CloudPaymentsAPI.framework in Frameworks */ = {isa = PBXBuildFile; fileRef = 3AA7ACF11C81B44300544E3E /* CloudPaymentsAPI.framework */; };
		3AE149701C4E83B8002B74DF /* OrderViewController.m in Sources */ = {isa = PBXBuildFile; fileRef = 3AE1496F1C4E83B8002B74DF /* OrderViewController.m */; };
		3AE55FA31C4D22E600025AB8 /* SingleTariffViewController.m in Sources */ = {isa = PBXBuildFile; fileRef = 3AE55FA21C4D22E600025AB8 /* SingleTariffViewController.m */; };
		3AE55FA61C4D3DB100025AB8 /* HistoryViewController.m in Sources */ = {isa = PBXBuildFile; fileRef = 3AE55FA51C4D3DB100025AB8 /* HistoryViewController.m */; };
		3AE55FA91C4D3E2100025AB8 /* HistoryTableViewCell.m in Sources */ = {isa = PBXBuildFile; fileRef = 3AE55FA81C4D3E2100025AB8 /* HistoryTableViewCell.m */; };
		3AE55FAC1C4D482300025AB8 /* CouponViewController.m in Sources */ = {isa = PBXBuildFile; fileRef = 3AE55FAB1C4D482300025AB8 /* CouponViewController.m */; };
		3AF288371C582BBF002723EC /* NavViewController.m in Sources */ = {isa = PBXBuildFile; fileRef = 3AF288361C582BBF002723EC /* NavViewController.m */; };
		3AFD2D461C4AB471004F8E72 /* MapViewController.m in Sources */ = {isa = PBXBuildFile; fileRef = 3AFD2D451C4AB471004F8E72 /* MapViewController.m */; };
		3AFD2D481C4ABBB8004F8E72 /* CoreLocation.framework in Frameworks */ = {isa = PBXBuildFile; fileRef = 3AFD2D471C4ABBB8004F8E72 /* CoreLocation.framework */; };
		4C44A975E0D1552D36CEB002 /* libPods-Cupsters.a in Frameworks */ = {isa = PBXBuildFile; fileRef = D8202FBAC738CC340F33080C /* libPods-Cupsters.a */; };
		DB478BBF1C5D2F890067BDE5 /* ShowAnimator.m in Sources */ = {isa = PBXBuildFile; fileRef = DB478BBE1C5D2F890067BDE5 /* ShowAnimator.m */; };
		DB671F3C1C3DCFA0008C1408 /* ListPlacesImagesViewController.m in Sources */ = {isa = PBXBuildFile; fileRef = DB671F3B1C3DCFA0008C1408 /* ListPlacesImagesViewController.m */; };
		DB671F3F1C3DD39F008C1408 /* Constants.m in Sources */ = {isa = PBXBuildFile; fileRef = DB671F3E1C3DD39F008C1408 /* Constants.m */; };
		DB671F421C3DEA07008C1408 /* UIColor+HEX.m in Sources */ = {isa = PBXBuildFile; fileRef = DB671F411C3DEA07008C1408 /* UIColor+HEX.m */; };
		DB671F451C3EC239008C1408 /* PlacePhotoTableViewCell.m in Sources */ = {isa = PBXBuildFile; fileRef = DB671F441C3EC239008C1408 /* PlacePhotoTableViewCell.m */; };
		DB671F481C3EC32B008C1408 /* cafeBack1.png in Resources */ = {isa = PBXBuildFile; fileRef = DB671F471C3EC32B008C1408 /* cafeBack1.png */; };
		DB671F4B1C3EE5F7008C1408 /* MenuRevealViewController.m in Sources */ = {isa = PBXBuildFile; fileRef = DB671F4A1C3EE5F7008C1408 /* MenuRevealViewController.m */; };
		DB6733BC1C4101E400BA7832 /* User.m in Sources */ = {isa = PBXBuildFile; fileRef = DB6733BB1C4101E400BA7832 /* User.m */; };
		DB6733BF1C41022100BA7832 /* Plan.m in Sources */ = {isa = PBXBuildFile; fileRef = DB6733BE1C41022100BA7832 /* Plan.m */; };
		DB67FEBB1C3BD8FB00FC62E2 /* main.m in Sources */ = {isa = PBXBuildFile; fileRef = DB67FEBA1C3BD8FB00FC62E2 /* main.m */; };
		DB67FEBE1C3BD8FB00FC62E2 /* AppDelegate.m in Sources */ = {isa = PBXBuildFile; fileRef = DB67FEBD1C3BD8FB00FC62E2 /* AppDelegate.m */; };
		DB67FEC41C3BD8FB00FC62E2 /* Main.storyboard in Resources */ = {isa = PBXBuildFile; fileRef = DB67FEC21C3BD8FB00FC62E2 /* Main.storyboard */; };
		DB67FEC71C3BD8FB00FC62E2 /* Cupsters.xcdatamodeld in Sources */ = {isa = PBXBuildFile; fileRef = DB67FEC51C3BD8FB00FC62E2 /* Cupsters.xcdatamodeld */; };
		DB67FEC91C3BD8FB00FC62E2 /* Assets.xcassets in Resources */ = {isa = PBXBuildFile; fileRef = DB67FEC81C3BD8FB00FC62E2 /* Assets.xcassets */; };
		DB67FECC1C3BD8FB00FC62E2 /* LaunchScreen.storyboard in Resources */ = {isa = PBXBuildFile; fileRef = DB67FECA1C3BD8FB00FC62E2 /* LaunchScreen.storyboard */; };
		DB67FED91C3C0BA800FC62E2 /* LoginViewController.m in Sources */ = {isa = PBXBuildFile; fileRef = DB67FED81C3C0BA800FC62E2 /* LoginViewController.m */; };
		DB67FF031C3C103600FC62E2 /* HelveticaNeueCyr-Black.otf in Resources */ = {isa = PBXBuildFile; fileRef = DB67FEF61C3C103600FC62E2 /* HelveticaNeueCyr-Black.otf */; };
		DB67FF041C3C103600FC62E2 /* HelveticaNeueCyr-BlackItalic.otf in Resources */ = {isa = PBXBuildFile; fileRef = DB67FEF71C3C103600FC62E2 /* HelveticaNeueCyr-BlackItalic.otf */; };
		DB67FF051C3C103600FC62E2 /* HelveticaNeueCyr-Bold.otf in Resources */ = {isa = PBXBuildFile; fileRef = DB67FEF81C3C103600FC62E2 /* HelveticaNeueCyr-Bold.otf */; };
		DB67FF061C3C103600FC62E2 /* HelveticaNeueCyr-BoldItalic.otf in Resources */ = {isa = PBXBuildFile; fileRef = DB67FEF91C3C103600FC62E2 /* HelveticaNeueCyr-BoldItalic.otf */; };
		DB67FF071C3C103600FC62E2 /* HelveticaNeueCyr-Italic.otf in Resources */ = {isa = PBXBuildFile; fileRef = DB67FEFA1C3C103600FC62E2 /* HelveticaNeueCyr-Italic.otf */; };
		DB67FF081C3C103600FC62E2 /* HelveticaNeueCyr-Light.otf in Resources */ = {isa = PBXBuildFile; fileRef = DB67FEFB1C3C103600FC62E2 /* HelveticaNeueCyr-Light.otf */; };
		DB67FF091C3C103600FC62E2 /* HelveticaNeueCyr-LightItalic.otf in Resources */ = {isa = PBXBuildFile; fileRef = DB67FEFC1C3C103600FC62E2 /* HelveticaNeueCyr-LightItalic.otf */; };
		DB67FF0A1C3C103600FC62E2 /* HelveticaNeueCyr-Medium.otf in Resources */ = {isa = PBXBuildFile; fileRef = DB67FEFD1C3C103600FC62E2 /* HelveticaNeueCyr-Medium.otf */; };
		DB67FF0B1C3C103600FC62E2 /* HelveticaNeueCyr-Roman.otf in Resources */ = {isa = PBXBuildFile; fileRef = DB67FEFE1C3C103600FC62E2 /* HelveticaNeueCyr-Roman.otf */; };
		DB67FF0C1C3C103600FC62E2 /* HelveticaNeueCyr-Thin.otf in Resources */ = {isa = PBXBuildFile; fileRef = DB67FEFF1C3C103600FC62E2 /* HelveticaNeueCyr-Thin.otf */; };
		DB67FF0D1C3C103600FC62E2 /* HelveticaNeueCyr-ThinItalic.otf in Resources */ = {isa = PBXBuildFile; fileRef = DB67FF001C3C103600FC62E2 /* HelveticaNeueCyr-ThinItalic.otf */; };
		DB67FF0E1C3C103600FC62E2 /* HelveticaNeueCyr-UltraLight_0.otf in Resources */ = {isa = PBXBuildFile; fileRef = DB67FF011C3C103600FC62E2 /* HelveticaNeueCyr-UltraLight_0.otf */; };
		DB67FF0F1C3C103600FC62E2 /* HelveticaNeueCyr-UltraLightItalic.otf in Resources */ = {isa = PBXBuildFile; fileRef = DB67FF021C3C103600FC62E2 /* HelveticaNeueCyr-UltraLightItalic.otf */; };
		DB67FF111C3C19EC00FC62E2 /* MyriadPro-Regular.otf in Resources */ = {isa = PBXBuildFile; fileRef = DB67FF101C3C19EC00FC62E2 /* MyriadPro-Regular.otf */; };
		DB67FF141C3C307E00FC62E2 /* SignUpViewController.m in Sources */ = {isa = PBXBuildFile; fileRef = DB67FF131C3C307E00FC62E2 /* SignUpViewController.m */; };
		DB67FF171C3D591D00FC62E2 /* LoginModelViewController.m in Sources */ = {isa = PBXBuildFile; fileRef = DB67FF161C3D591D00FC62E2 /* LoginModelViewController.m */; };
		DB745A1A1C7BD01D00082134 /* AboutUsViewController.m in Sources */ = {isa = PBXBuildFile; fileRef = DB745A191C7BD01D00082134 /* AboutUsViewController.m */; };
		DBA9C4AA1C4DBC61002A5E0D /* ServerRequest.m in Sources */ = {isa = PBXBuildFile; fileRef = DBA9C4A91C4DBC61002A5E0D /* ServerRequest.m */; };
		DBA9C4AD1C4DBC74002A5E0D /* ServerResponse.m in Sources */ = {isa = PBXBuildFile; fileRef = DBA9C4AC1C4DBC74002A5E0D /* ServerResponse.m */; };
		DBA9C4B01C4DBC84002A5E0D /* ServerError.m in Sources */ = {isa = PBXBuildFile; fileRef = DBA9C4AF1C4DBC84002A5E0D /* ServerError.m */; };
		DBA9C4B31C4DBC93002A5E0D /* Server.m in Sources */ = {isa = PBXBuildFile; fileRef = DBA9C4B21C4DBC93002A5E0D /* Server.m */; };
		DBA9C4CA1C4F0D0F002A5E0D /* Token.m in Sources */ = {isa = PBXBuildFile; fileRef = DBA9C4C91C4F0D0F002A5E0D /* Token.m */; };
		DBAA546C1C51CB44004F7C6D /* EntryNavigationController.m in Sources */ = {isa = PBXBuildFile; fileRef = DBAA546B1C51CB44004F7C6D /* EntryNavigationController.m */; };
		DBAA549B1C527732004F7C6D /* DataManager.m in Sources */ = {isa = PBXBuildFile; fileRef = DBAA549A1C527732004F7C6D /* DataManager.m */; };
		DBDC1C2B1C400583003A8507 /* Podfile in Resources */ = {isa = PBXBuildFile; fileRef = DBDC1C2A1C400583003A8507 /* Podfile */; };
		DBDC1C301C40EB05003A8507 /* SWRevealViewController.m in Sources */ = {isa = PBXBuildFile; fileRef = DBDC1C2E1C40EB05003A8507 /* SWRevealViewController.m */; };
		DBE52B021C61375A00475B48 /* StartViewController.m in Sources */ = {isa = PBXBuildFile; fileRef = DBE52B011C61375A00475B48 /* StartViewController.m */; };
/* End PBXBuildFile section */

/* Begin PBXFileReference section */
		3A0024E01C4A8FFF00C248D2 /* VKSdk+CustomAuthorizationDelegate.h */ = {isa = PBXFileReference; fileEncoding = 4; lastKnownFileType = sourcecode.c.h; path = "VKSdk+CustomAuthorizationDelegate.h"; sourceTree = "<group>"; };
		3A0024E11C4A8FFF00C248D2 /* VKSdk+CustomAuthorizationDelegate.m */ = {isa = PBXFileReference; fileEncoding = 4; lastKnownFileType = sourcecode.c.objc; path = "VKSdk+CustomAuthorizationDelegate.m"; sourceTree = "<group>"; };
		3A08A3691C4BCAC60094AB63 /* MapTableViewCell.h */ = {isa = PBXFileReference; fileEncoding = 4; lastKnownFileType = sourcecode.c.h; path = MapTableViewCell.h; sourceTree = "<group>"; };
		3A08A36A1C4BCAC60094AB63 /* MapTableViewCell.m */ = {isa = PBXFileReference; fileEncoding = 4; lastKnownFileType = sourcecode.c.objc; path = MapTableViewCell.m; sourceTree = "<group>"; };
		3A08A36F1C4BDE720094AB63 /* CafeViewController.h */ = {isa = PBXFileReference; fileEncoding = 4; lastKnownFileType = sourcecode.c.h; path = CafeViewController.h; sourceTree = "<group>"; };
		3A08A3701C4BDE720094AB63 /* CafeViewController.m */ = {isa = PBXFileReference; fileEncoding = 4; lastKnownFileType = sourcecode.c.objc; path = CafeViewController.m; sourceTree = "<group>"; };
		3A08A3721C4BE51A0094AB63 /* CafeTableViewCell.h */ = {isa = PBXFileReference; fileEncoding = 4; lastKnownFileType = sourcecode.c.h; path = CafeTableViewCell.h; sourceTree = "<group>"; };
		3A08A3731C4BE51A0094AB63 /* CafeTableViewCell.m */ = {isa = PBXFileReference; fileEncoding = 4; lastKnownFileType = sourcecode.c.objc; path = CafeTableViewCell.m; sourceTree = "<group>"; };
		3A08A3751C4BE9C20094AB63 /* ProfileViewController.h */ = {isa = PBXFileReference; fileEncoding = 4; lastKnownFileType = sourcecode.c.h; path = ProfileViewController.h; sourceTree = "<group>"; };
		3A08A3761C4BE9C20094AB63 /* ProfileViewController.m */ = {isa = PBXFileReference; fileEncoding = 4; lastKnownFileType = sourcecode.c.objc; path = ProfileViewController.m; sourceTree = "<group>"; };
		3A08A3781C4C07BF0094AB63 /* QuartzCore.framework */ = {isa = PBXFileReference; lastKnownFileType = wrapper.framework; name = QuartzCore.framework; path = System/Library/Frameworks/QuartzCore.framework; sourceTree = SDKROOT; };
		3A08A37A1C4C0DA70094AB63 /* TariffViewController.h */ = {isa = PBXFileReference; fileEncoding = 4; lastKnownFileType = sourcecode.c.h; path = TariffViewController.h; sourceTree = "<group>"; };
		3A08A37B1C4C0DA70094AB63 /* TariffViewController.m */ = {isa = PBXFileReference; fileEncoding = 4; lastKnownFileType = sourcecode.c.objc; path = TariffViewController.m; sourceTree = "<group>"; };
		3A08A37D1C4C1B970094AB63 /* CustomButtonSettings.h */ = {isa = PBXFileReference; fileEncoding = 4; lastKnownFileType = sourcecode.c.h; path = CustomButtonSettings.h; sourceTree = "<group>"; };
		3A08A37E1C4C1B970094AB63 /* CustomButtonSettings.m */ = {isa = PBXFileReference; fileEncoding = 4; lastKnownFileType = sourcecode.c.objc; path = CustomButtonSettings.m; sourceTree = "<group>"; };
		3A1A465D1C7B1C2B002DFE51 /* AFNetworking.framework */ = {isa = PBXFileReference; lastKnownFileType = wrapper.framework; name = AFNetworking.framework; path = "Pods/../build/Debug-iphoneos/AFNetworking.framework"; sourceTree = "<group>"; };
		3A1A465E1C7B1C2B002DFE51 /* BWWalkthrough.framework */ = {isa = PBXFileReference; lastKnownFileType = wrapper.framework; name = BWWalkthrough.framework; path = "Pods/../build/Debug-iphoneos/BWWalkthrough.framework"; sourceTree = "<group>"; };
		3A1A465F1C7B1C2B002DFE51 /* HMSegmentedControl.framework */ = {isa = PBXFileReference; lastKnownFileType = wrapper.framework; name = HMSegmentedControl.framework; path = "Pods/../build/Debug-iphoneos/HMSegmentedControl.framework"; sourceTree = "<group>"; };
		3A1A46601C7B1C2B002DFE51 /* NSHash.framework */ = {isa = PBXFileReference; lastKnownFileType = wrapper.framework; name = NSHash.framework; path = "Pods/../build/Debug-iphoneos/NSHash.framework"; sourceTree = "<group>"; };
		3A1A46611C7B1C2B002DFE51 /* RKDropdownAlert.framework */ = {isa = PBXFileReference; lastKnownFileType = wrapper.framework; name = RKDropdownAlert.framework; path = "Pods/../build/Debug-iphoneos/RKDropdownAlert.framework"; sourceTree = "<group>"; };
		3A1A46621C7B1C2B002DFE51 /* SCLAlertView_Objective_C.framework */ = {isa = PBXFileReference; lastKnownFileType = wrapper.framework; name = SCLAlertView_Objective_C.framework; path = "Pods/../build/Debug-iphoneos/SCLAlertView_Objective_C.framework"; sourceTree = "<group>"; };
		3A1A46631C7B1C2B002DFE51 /* SHSPhoneComponent.framework */ = {isa = PBXFileReference; lastKnownFileType = wrapper.framework; name = SHSPhoneComponent.framework; path = "Pods/../build/Debug-iphoneos/SHSPhoneComponent.framework"; sourceTree = "<group>"; };
		3A1A46641C7B1C2B002DFE51 /* VK_ios_sdk.framework */ = {isa = PBXFileReference; lastKnownFileType = wrapper.framework; name = VK_ios_sdk.framework; path = "Pods/../build/Debug-iphoneos/VK_ios_sdk.framework"; sourceTree = "<group>"; };
		3A1A466D1C7B2556002DFE51 /* Cupsters-Bridging-Header.h */ = {isa = PBXFileReference; lastKnownFileType = sourcecode.c.h; path = "Cupsters-Bridging-Header.h"; sourceTree = "<group>"; };
		3A1A46711C7B2E3E002DFE51 /* BWWalkthroughPageViewController.swift */ = {isa = PBXFileReference; fileEncoding = 4; lastKnownFileType = sourcecode.swift; path = BWWalkthroughPageViewController.swift; sourceTree = "<group>"; };
		3A1A46721C7B2E3E002DFE51 /* BWWalkthroughViewController.swift */ = {isa = PBXFileReference; fileEncoding = 4; lastKnownFileType = sourcecode.swift; path = BWWalkthroughViewController.swift; sourceTree = "<group>"; };
		3A1A46751C7B2E9D002DFE51 /* Walkthrough.storyboard */ = {isa = PBXFileReference; fileEncoding = 4; lastKnownFileType = file.storyboard; path = Walkthrough.storyboard; sourceTree = "<group>"; };
		3A44AC991C498CAA00F10D2E /* FBSDKCoreKit.framework */ = {isa = PBXFileReference; lastKnownFileType = wrapper.framework; path = FBSDKCoreKit.framework; sourceTree = "<group>"; };
		3A44AC9A1C498CAA00F10D2E /* FBSDKLoginKit.framework */ = {isa = PBXFileReference; lastKnownFileType = wrapper.framework; path = FBSDKLoginKit.framework; sourceTree = "<group>"; };
		3A44AC9B1C498CAA00F10D2E /* FBSDKShareKit.framework */ = {isa = PBXFileReference; lastKnownFileType = wrapper.framework; path = FBSDKShareKit.framework; sourceTree = "<group>"; };
		3A44AC9F1C49917000F10D2E /* libAFNetworking.a */ = {isa = PBXFileReference; lastKnownFileType = archive.ar; name = libAFNetworking.a; path = "Pods/../build/Debug-iphoneos/libAFNetworking.a"; sourceTree = "<group>"; };
		3A44ACA01C49917000F10D2E /* libVK-ios-sdk.a */ = {isa = PBXFileReference; lastKnownFileType = archive.ar; name = "libVK-ios-sdk.a"; path = "Pods/../build/Debug-iphoneos/libVK-ios-sdk.a"; sourceTree = "<group>"; };
		3A56C5B41C817DE5001B7A6F /* PaymentViewController.h */ = {isa = PBXFileReference; fileEncoding = 4; lastKnownFileType = sourcecode.c.h; path = PaymentViewController.h; sourceTree = "<group>"; };
		3A56C5B51C817DE5001B7A6F /* PaymentViewController.m */ = {isa = PBXFileReference; fileEncoding = 4; lastKnownFileType = sourcecode.c.objc; path = PaymentViewController.m; sourceTree = "<group>"; };
		3A661FA11C52B7AC00B9E604 /* CustomViewSettings.h */ = {isa = PBXFileReference; fileEncoding = 4; lastKnownFileType = sourcecode.c.h; path = CustomViewSettings.h; sourceTree = "<group>"; };
		3A661FA21C52B7AC00B9E604 /* CustomViewSettings.m */ = {isa = PBXFileReference; fileEncoding = 4; lastKnownFileType = sourcecode.c.objc; path = CustomViewSettings.m; sourceTree = "<group>"; };
		3AA7ACF11C81B44300544E3E /* CloudPaymentsAPI.framework */ = {isa = PBXFileReference; lastKnownFileType = wrapper.framework; path = CloudPaymentsAPI.framework; sourceTree = "<group>"; };
		3AE1496E1C4E83B8002B74DF /* OrderViewController.h */ = {isa = PBXFileReference; fileEncoding = 4; lastKnownFileType = sourcecode.c.h; path = OrderViewController.h; sourceTree = "<group>"; };
		3AE1496F1C4E83B8002B74DF /* OrderViewController.m */ = {isa = PBXFileReference; fileEncoding = 4; lastKnownFileType = sourcecode.c.objc; path = OrderViewController.m; sourceTree = "<group>"; };
		3AE55FA11C4D22E600025AB8 /* SingleTariffViewController.h */ = {isa = PBXFileReference; fileEncoding = 4; lastKnownFileType = sourcecode.c.h; path = SingleTariffViewController.h; sourceTree = "<group>"; };
		3AE55FA21C4D22E600025AB8 /* SingleTariffViewController.m */ = {isa = PBXFileReference; fileEncoding = 4; lastKnownFileType = sourcecode.c.objc; path = SingleTariffViewController.m; sourceTree = "<group>"; };
		3AE55FA41C4D3DB100025AB8 /* HistoryViewController.h */ = {isa = PBXFileReference; fileEncoding = 4; lastKnownFileType = sourcecode.c.h; path = HistoryViewController.h; sourceTree = "<group>"; };
		3AE55FA51C4D3DB100025AB8 /* HistoryViewController.m */ = {isa = PBXFileReference; fileEncoding = 4; lastKnownFileType = sourcecode.c.objc; path = HistoryViewController.m; sourceTree = "<group>"; };
		3AE55FA71C4D3E2100025AB8 /* HistoryTableViewCell.h */ = {isa = PBXFileReference; fileEncoding = 4; lastKnownFileType = sourcecode.c.h; path = HistoryTableViewCell.h; sourceTree = "<group>"; };
		3AE55FA81C4D3E2100025AB8 /* HistoryTableViewCell.m */ = {isa = PBXFileReference; fileEncoding = 4; lastKnownFileType = sourcecode.c.objc; path = HistoryTableViewCell.m; sourceTree = "<group>"; };
		3AE55FAA1C4D482300025AB8 /* CouponViewController.h */ = {isa = PBXFileReference; fileEncoding = 4; lastKnownFileType = sourcecode.c.h; path = CouponViewController.h; sourceTree = "<group>"; };
		3AE55FAB1C4D482300025AB8 /* CouponViewController.m */ = {isa = PBXFileReference; fileEncoding = 4; lastKnownFileType = sourcecode.c.objc; path = CouponViewController.m; sourceTree = "<group>"; };
		3AF288351C582BBF002723EC /* NavViewController.h */ = {isa = PBXFileReference; fileEncoding = 4; lastKnownFileType = sourcecode.c.h; path = NavViewController.h; sourceTree = "<group>"; };
		3AF288361C582BBF002723EC /* NavViewController.m */ = {isa = PBXFileReference; fileEncoding = 4; lastKnownFileType = sourcecode.c.objc; path = NavViewController.m; sourceTree = "<group>"; };
		3AFD2D441C4AB471004F8E72 /* MapViewController.h */ = {isa = PBXFileReference; fileEncoding = 4; lastKnownFileType = sourcecode.c.h; path = MapViewController.h; sourceTree = "<group>"; };
		3AFD2D451C4AB471004F8E72 /* MapViewController.m */ = {isa = PBXFileReference; fileEncoding = 4; lastKnownFileType = sourcecode.c.objc; path = MapViewController.m; sourceTree = "<group>"; };
		3AFD2D471C4ABBB8004F8E72 /* CoreLocation.framework */ = {isa = PBXFileReference; lastKnownFileType = wrapper.framework; name = CoreLocation.framework; path = System/Library/Frameworks/CoreLocation.framework; sourceTree = SDKROOT; };
		D8202FBAC738CC340F33080C /* libPods-Cupsters.a */ = {isa = PBXFileReference; explicitFileType = archive.ar; includeInIndex = 0; path = "libPods-Cupsters.a"; sourceTree = BUILT_PRODUCTS_DIR; };
		DAB1AEDCFE52DD16B159BD48 /* Pods-Cupsters.release.xcconfig */ = {isa = PBXFileReference; includeInIndex = 1; lastKnownFileType = text.xcconfig; name = "Pods-Cupsters.release.xcconfig"; path = "Pods/Target Support Files/Pods-Cupsters/Pods-Cupsters.release.xcconfig"; sourceTree = "<group>"; };
		DB478BBD1C5D2F890067BDE5 /* ShowAnimator.h */ = {isa = PBXFileReference; fileEncoding = 4; lastKnownFileType = sourcecode.c.h; path = ShowAnimator.h; sourceTree = "<group>"; };
		DB478BBE1C5D2F890067BDE5 /* ShowAnimator.m */ = {isa = PBXFileReference; fileEncoding = 4; lastKnownFileType = sourcecode.c.objc; path = ShowAnimator.m; sourceTree = "<group>"; };
		DB671F3A1C3DCF9F008C1408 /* ListPlacesImagesViewController.h */ = {isa = PBXFileReference; fileEncoding = 4; lastKnownFileType = sourcecode.c.h; path = ListPlacesImagesViewController.h; sourceTree = "<group>"; };
		DB671F3B1C3DCFA0008C1408 /* ListPlacesImagesViewController.m */ = {isa = PBXFileReference; fileEncoding = 4; lastKnownFileType = sourcecode.c.objc; path = ListPlacesImagesViewController.m; sourceTree = "<group>"; };
		DB671F3D1C3DD369008C1408 /* Constants.h */ = {isa = PBXFileReference; lastKnownFileType = sourcecode.c.h; path = Constants.h; sourceTree = "<group>"; };
		DB671F3E1C3DD39F008C1408 /* Constants.m */ = {isa = PBXFileReference; fileEncoding = 4; lastKnownFileType = sourcecode.c.objc; path = Constants.m; sourceTree = "<group>"; };
		DB671F401C3DEA07008C1408 /* UIColor+HEX.h */ = {isa = PBXFileReference; fileEncoding = 4; lastKnownFileType = sourcecode.c.h; path = "UIColor+HEX.h"; sourceTree = "<group>"; };
		DB671F411C3DEA07008C1408 /* UIColor+HEX.m */ = {isa = PBXFileReference; fileEncoding = 4; lastKnownFileType = sourcecode.c.objc; path = "UIColor+HEX.m"; sourceTree = "<group>"; };
		DB671F431C3EC239008C1408 /* PlacePhotoTableViewCell.h */ = {isa = PBXFileReference; fileEncoding = 4; lastKnownFileType = sourcecode.c.h; path = PlacePhotoTableViewCell.h; sourceTree = "<group>"; };
		DB671F441C3EC239008C1408 /* PlacePhotoTableViewCell.m */ = {isa = PBXFileReference; fileEncoding = 4; lastKnownFileType = sourcecode.c.objc; path = PlacePhotoTableViewCell.m; sourceTree = "<group>"; };
		DB671F471C3EC32B008C1408 /* cafeBack1.png */ = {isa = PBXFileReference; lastKnownFileType = image.png; name = cafeBack1.png; path = "Сupsters-design/MockFiles/cafeBack1.png"; sourceTree = SOURCE_ROOT; };
		DB671F491C3EE5F7008C1408 /* MenuRevealViewController.h */ = {isa = PBXFileReference; fileEncoding = 4; lastKnownFileType = sourcecode.c.h; path = MenuRevealViewController.h; sourceTree = "<group>"; };
		DB671F4A1C3EE5F7008C1408 /* MenuRevealViewController.m */ = {isa = PBXFileReference; fileEncoding = 4; lastKnownFileType = sourcecode.c.objc; path = MenuRevealViewController.m; sourceTree = "<group>"; };
		DB6733BA1C4101E400BA7832 /* User.h */ = {isa = PBXFileReference; fileEncoding = 4; lastKnownFileType = sourcecode.c.h; path = User.h; sourceTree = "<group>"; };
		DB6733BB1C4101E400BA7832 /* User.m */ = {isa = PBXFileReference; fileEncoding = 4; lastKnownFileType = sourcecode.c.objc; path = User.m; sourceTree = "<group>"; };
		DB6733BD1C41022100BA7832 /* Plan.h */ = {isa = PBXFileReference; fileEncoding = 4; lastKnownFileType = sourcecode.c.h; path = Plan.h; sourceTree = "<group>"; };
		DB6733BE1C41022100BA7832 /* Plan.m */ = {isa = PBXFileReference; fileEncoding = 4; lastKnownFileType = sourcecode.c.objc; path = Plan.m; sourceTree = "<group>"; };
		DB67FEB61C3BD8FB00FC62E2 /* Cupsters.app */ = {isa = PBXFileReference; explicitFileType = wrapper.application; includeInIndex = 0; path = Cupsters.app; sourceTree = BUILT_PRODUCTS_DIR; };
		DB67FEBA1C3BD8FB00FC62E2 /* main.m */ = {isa = PBXFileReference; lastKnownFileType = sourcecode.c.objc; path = main.m; sourceTree = "<group>"; };
		DB67FEBC1C3BD8FB00FC62E2 /* AppDelegate.h */ = {isa = PBXFileReference; lastKnownFileType = sourcecode.c.h; path = AppDelegate.h; sourceTree = "<group>"; };
		DB67FEBD1C3BD8FB00FC62E2 /* AppDelegate.m */ = {isa = PBXFileReference; lastKnownFileType = sourcecode.c.objc; path = AppDelegate.m; sourceTree = "<group>"; };
		DB67FEC31C3BD8FB00FC62E2 /* Base */ = {isa = PBXFileReference; lastKnownFileType = file.storyboard; name = Base; path = Base.lproj/Main.storyboard; sourceTree = "<group>"; };
		DB67FEC61C3BD8FB00FC62E2 /* Cupsters.xcdatamodel */ = {isa = PBXFileReference; lastKnownFileType = wrapper.xcdatamodel; path = Cupsters.xcdatamodel; sourceTree = "<group>"; };
		DB67FEC81C3BD8FB00FC62E2 /* Assets.xcassets */ = {isa = PBXFileReference; lastKnownFileType = folder.assetcatalog; path = Assets.xcassets; sourceTree = "<group>"; };
		DB67FECB1C3BD8FB00FC62E2 /* Base */ = {isa = PBXFileReference; lastKnownFileType = file.storyboard; name = Base; path = Base.lproj/LaunchScreen.storyboard; sourceTree = "<group>"; };
		DB67FECD1C3BD8FB00FC62E2 /* Info.plist */ = {isa = PBXFileReference; lastKnownFileType = text.plist.xml; path = Info.plist; sourceTree = "<group>"; };
		DB67FED71C3C0BA800FC62E2 /* LoginViewController.h */ = {isa = PBXFileReference; fileEncoding = 4; lastKnownFileType = sourcecode.c.h; path = LoginViewController.h; sourceTree = "<group>"; };
		DB67FED81C3C0BA800FC62E2 /* LoginViewController.m */ = {isa = PBXFileReference; fileEncoding = 4; lastKnownFileType = sourcecode.c.objc; path = LoginViewController.m; sourceTree = "<group>"; };
		DB67FEF61C3C103600FC62E2 /* HelveticaNeueCyr-Black.otf */ = {isa = PBXFileReference; lastKnownFileType = file; name = "HelveticaNeueCyr-Black.otf"; path = "Сupsters-design/Helvetica-Neue-Cyr/HelveticaNeueCyr-Black.otf"; sourceTree = SOURCE_ROOT; };
		DB67FEF71C3C103600FC62E2 /* HelveticaNeueCyr-BlackItalic.otf */ = {isa = PBXFileReference; lastKnownFileType = file; name = "HelveticaNeueCyr-BlackItalic.otf"; path = "Сupsters-design/Helvetica-Neue-Cyr/HelveticaNeueCyr-BlackItalic.otf"; sourceTree = SOURCE_ROOT; };
		DB67FEF81C3C103600FC62E2 /* HelveticaNeueCyr-Bold.otf */ = {isa = PBXFileReference; lastKnownFileType = file; name = "HelveticaNeueCyr-Bold.otf"; path = "Сupsters-design/Helvetica-Neue-Cyr/HelveticaNeueCyr-Bold.otf"; sourceTree = SOURCE_ROOT; };
		DB67FEF91C3C103600FC62E2 /* HelveticaNeueCyr-BoldItalic.otf */ = {isa = PBXFileReference; lastKnownFileType = file; name = "HelveticaNeueCyr-BoldItalic.otf"; path = "Сupsters-design/Helvetica-Neue-Cyr/HelveticaNeueCyr-BoldItalic.otf"; sourceTree = SOURCE_ROOT; };
		DB67FEFA1C3C103600FC62E2 /* HelveticaNeueCyr-Italic.otf */ = {isa = PBXFileReference; lastKnownFileType = file; name = "HelveticaNeueCyr-Italic.otf"; path = "Сupsters-design/Helvetica-Neue-Cyr/HelveticaNeueCyr-Italic.otf"; sourceTree = SOURCE_ROOT; };
		DB67FEFB1C3C103600FC62E2 /* HelveticaNeueCyr-Light.otf */ = {isa = PBXFileReference; lastKnownFileType = file; name = "HelveticaNeueCyr-Light.otf"; path = "Сupsters-design/Helvetica-Neue-Cyr/HelveticaNeueCyr-Light.otf"; sourceTree = SOURCE_ROOT; };
		DB67FEFC1C3C103600FC62E2 /* HelveticaNeueCyr-LightItalic.otf */ = {isa = PBXFileReference; lastKnownFileType = file; name = "HelveticaNeueCyr-LightItalic.otf"; path = "Сupsters-design/Helvetica-Neue-Cyr/HelveticaNeueCyr-LightItalic.otf"; sourceTree = SOURCE_ROOT; };
		DB67FEFD1C3C103600FC62E2 /* HelveticaNeueCyr-Medium.otf */ = {isa = PBXFileReference; lastKnownFileType = file; name = "HelveticaNeueCyr-Medium.otf"; path = "Сupsters-design/Helvetica-Neue-Cyr/HelveticaNeueCyr-Medium.otf"; sourceTree = SOURCE_ROOT; };
		DB67FEFE1C3C103600FC62E2 /* HelveticaNeueCyr-Roman.otf */ = {isa = PBXFileReference; lastKnownFileType = file; name = "HelveticaNeueCyr-Roman.otf"; path = "Сupsters-design/Helvetica-Neue-Cyr/HelveticaNeueCyr-Roman.otf"; sourceTree = SOURCE_ROOT; };
		DB67FEFF1C3C103600FC62E2 /* HelveticaNeueCyr-Thin.otf */ = {isa = PBXFileReference; lastKnownFileType = file; name = "HelveticaNeueCyr-Thin.otf"; path = "Сupsters-design/Helvetica-Neue-Cyr/HelveticaNeueCyr-Thin.otf"; sourceTree = SOURCE_ROOT; };
		DB67FF001C3C103600FC62E2 /* HelveticaNeueCyr-ThinItalic.otf */ = {isa = PBXFileReference; lastKnownFileType = file; name = "HelveticaNeueCyr-ThinItalic.otf"; path = "Сupsters-design/Helvetica-Neue-Cyr/HelveticaNeueCyr-ThinItalic.otf"; sourceTree = SOURCE_ROOT; };
		DB67FF011C3C103600FC62E2 /* HelveticaNeueCyr-UltraLight_0.otf */ = {isa = PBXFileReference; lastKnownFileType = file; name = "HelveticaNeueCyr-UltraLight_0.otf"; path = "Сupsters-design/Helvetica-Neue-Cyr/HelveticaNeueCyr-UltraLight_0.otf"; sourceTree = SOURCE_ROOT; };
		DB67FF021C3C103600FC62E2 /* HelveticaNeueCyr-UltraLightItalic.otf */ = {isa = PBXFileReference; lastKnownFileType = file; name = "HelveticaNeueCyr-UltraLightItalic.otf"; path = "Сupsters-design/Helvetica-Neue-Cyr/HelveticaNeueCyr-UltraLightItalic.otf"; sourceTree = SOURCE_ROOT; };
		DB67FF101C3C19EC00FC62E2 /* MyriadPro-Regular.otf */ = {isa = PBXFileReference; lastKnownFileType = file; name = "MyriadPro-Regular.otf"; path = "Сupsters-design/MyraidPro/MyriadPro-Regular.otf"; sourceTree = SOURCE_ROOT; };
		DB67FF121C3C307E00FC62E2 /* SignUpViewController.h */ = {isa = PBXFileReference; fileEncoding = 4; lastKnownFileType = sourcecode.c.h; path = SignUpViewController.h; sourceTree = "<group>"; };
		DB67FF131C3C307E00FC62E2 /* SignUpViewController.m */ = {isa = PBXFileReference; fileEncoding = 4; lastKnownFileType = sourcecode.c.objc; path = SignUpViewController.m; sourceTree = "<group>"; };
		DB67FF151C3D591D00FC62E2 /* LoginModelViewController.h */ = {isa = PBXFileReference; fileEncoding = 4; lastKnownFileType = sourcecode.c.h; path = LoginModelViewController.h; sourceTree = "<group>"; };
		DB67FF161C3D591D00FC62E2 /* LoginModelViewController.m */ = {isa = PBXFileReference; fileEncoding = 4; lastKnownFileType = sourcecode.c.objc; path = LoginModelViewController.m; sourceTree = "<group>"; };
		DB745A181C7BD01D00082134 /* AboutUsViewController.h */ = {isa = PBXFileReference; fileEncoding = 4; lastKnownFileType = sourcecode.c.h; path = AboutUsViewController.h; sourceTree = "<group>"; };
		DB745A191C7BD01D00082134 /* AboutUsViewController.m */ = {isa = PBXFileReference; fileEncoding = 4; lastKnownFileType = sourcecode.c.objc; path = AboutUsViewController.m; sourceTree = "<group>"; };
		DBA9C4A81C4DBC61002A5E0D /* ServerRequest.h */ = {isa = PBXFileReference; fileEncoding = 4; lastKnownFileType = sourcecode.c.h; path = ServerRequest.h; sourceTree = "<group>"; };
		DBA9C4A91C4DBC61002A5E0D /* ServerRequest.m */ = {isa = PBXFileReference; fileEncoding = 4; lastKnownFileType = sourcecode.c.objc; path = ServerRequest.m; sourceTree = "<group>"; };
		DBA9C4AB1C4DBC74002A5E0D /* ServerResponse.h */ = {isa = PBXFileReference; fileEncoding = 4; lastKnownFileType = sourcecode.c.h; path = ServerResponse.h; sourceTree = "<group>"; };
		DBA9C4AC1C4DBC74002A5E0D /* ServerResponse.m */ = {isa = PBXFileReference; fileEncoding = 4; lastKnownFileType = sourcecode.c.objc; path = ServerResponse.m; sourceTree = "<group>"; };
		DBA9C4AE1C4DBC84002A5E0D /* ServerError.h */ = {isa = PBXFileReference; fileEncoding = 4; lastKnownFileType = sourcecode.c.h; path = ServerError.h; sourceTree = "<group>"; };
		DBA9C4AF1C4DBC84002A5E0D /* ServerError.m */ = {isa = PBXFileReference; fileEncoding = 4; lastKnownFileType = sourcecode.c.objc; path = ServerError.m; sourceTree = "<group>"; };
		DBA9C4B11C4DBC93002A5E0D /* Server.h */ = {isa = PBXFileReference; fileEncoding = 4; lastKnownFileType = sourcecode.c.h; path = Server.h; sourceTree = "<group>"; };
		DBA9C4B21C4DBC93002A5E0D /* Server.m */ = {isa = PBXFileReference; fileEncoding = 4; lastKnownFileType = sourcecode.c.objc; path = Server.m; sourceTree = "<group>"; };
		DBA9C4C81C4F0D0F002A5E0D /* Token.h */ = {isa = PBXFileReference; fileEncoding = 4; lastKnownFileType = sourcecode.c.h; path = Token.h; sourceTree = "<group>"; };
		DBA9C4C91C4F0D0F002A5E0D /* Token.m */ = {isa = PBXFileReference; fileEncoding = 4; lastKnownFileType = sourcecode.c.objc; path = Token.m; sourceTree = "<group>"; };
		DBAA546A1C51CB44004F7C6D /* EntryNavigationController.h */ = {isa = PBXFileReference; fileEncoding = 4; lastKnownFileType = sourcecode.c.h; path = EntryNavigationController.h; sourceTree = "<group>"; };
		DBAA546B1C51CB44004F7C6D /* EntryNavigationController.m */ = {isa = PBXFileReference; fileEncoding = 4; lastKnownFileType = sourcecode.c.objc; path = EntryNavigationController.m; sourceTree = "<group>"; };
		DBAA54991C527732004F7C6D /* DataManager.h */ = {isa = PBXFileReference; fileEncoding = 4; lastKnownFileType = sourcecode.c.h; path = DataManager.h; sourceTree = "<group>"; };
		DBAA549A1C527732004F7C6D /* DataManager.m */ = {isa = PBXFileReference; fileEncoding = 4; lastKnownFileType = sourcecode.c.objc; path = DataManager.m; sourceTree = "<group>"; };
		DBDC1C2A1C400583003A8507 /* Podfile */ = {isa = PBXFileReference; fileEncoding = 4; lastKnownFileType = text; path = Podfile; sourceTree = SOURCE_ROOT; xcLanguageSpecificationIdentifier = xcode.lang.ruby; };
		DBDC1C2E1C40EB05003A8507 /* SWRevealViewController.m */ = {isa = PBXFileReference; fileEncoding = 4; lastKnownFileType = sourcecode.c.objc; name = SWRevealViewController.m; path = SWRevealViewController/SWRevealViewController.m; sourceTree = "<group>"; };
		DBDC1C2F1C40EB05003A8507 /* SWRevealViewController.h */ = {isa = PBXFileReference; fileEncoding = 4; lastKnownFileType = sourcecode.c.h; name = SWRevealViewController.h; path = SWRevealViewController/SWRevealViewController.h; sourceTree = "<group>"; };
		DBE52B001C61375A00475B48 /* StartViewController.h */ = {isa = PBXFileReference; fileEncoding = 4; lastKnownFileType = sourcecode.c.h; path = StartViewController.h; sourceTree = "<group>"; };
		DBE52B011C61375A00475B48 /* StartViewController.m */ = {isa = PBXFileReference; fileEncoding = 4; lastKnownFileType = sourcecode.c.objc; path = StartViewController.m; sourceTree = "<group>"; };
		DDC96F5213E98AC9D6EAF4A0 /* Pods-Cupsters.debug.xcconfig */ = {isa = PBXFileReference; includeInIndex = 1; lastKnownFileType = text.xcconfig; name = "Pods-Cupsters.debug.xcconfig"; path = "Pods/Target Support Files/Pods-Cupsters/Pods-Cupsters.debug.xcconfig"; sourceTree = "<group>"; };
/* End PBXFileReference section */

/* Begin PBXFrameworksBuildPhase section */
		DB67FEB31C3BD8FB00FC62E2 /* Frameworks */ = {
			isa = PBXFrameworksBuildPhase;
			buildActionMask = 2147483647;
			files = (
				3A08A3791C4C07BF0094AB63 /* QuartzCore.framework in Frameworks */,
				3AFD2D481C4ABBB8004F8E72 /* CoreLocation.framework in Frameworks */,
				3A44ACA11C49917000F10D2E /* libAFNetworking.a in Frameworks */,
				3AA7ACF21C81B44300544E3E /* CloudPaymentsAPI.framework in Frameworks */,
				3A44ACA21C49917000F10D2E /* libVK-ios-sdk.a in Frameworks */,
				3A44AC9E1C498CAA00F10D2E /* FBSDKShareKit.framework in Frameworks */,
				3A44AC9C1C498CAA00F10D2E /* FBSDKCoreKit.framework in Frameworks */,
				3A44AC9D1C498CAA00F10D2E /* FBSDKLoginKit.framework in Frameworks */,
				4C44A975E0D1552D36CEB002 /* libPods-Cupsters.a in Frameworks */,
			);
			runOnlyForDeploymentPostprocessing = 0;
		};
/* End PBXFrameworksBuildPhase section */

/* Begin PBXGroup section */
		01BF79CAEC332CDC20301AC9 /* Frameworks */ = {
			isa = PBXGroup;
			children = (
				3AA7ACF11C81B44300544E3E /* CloudPaymentsAPI.framework */,
				3A1A465D1C7B1C2B002DFE51 /* AFNetworking.framework */,
				3A1A465E1C7B1C2B002DFE51 /* BWWalkthrough.framework */,
				3A1A465F1C7B1C2B002DFE51 /* HMSegmentedControl.framework */,
				3A1A46601C7B1C2B002DFE51 /* NSHash.framework */,
				3A1A46611C7B1C2B002DFE51 /* RKDropdownAlert.framework */,
				3A1A46621C7B1C2B002DFE51 /* SCLAlertView_Objective_C.framework */,
				3A1A46631C7B1C2B002DFE51 /* SHSPhoneComponent.framework */,
				3A1A46641C7B1C2B002DFE51 /* VK_ios_sdk.framework */,
				3A08A3781C4C07BF0094AB63 /* QuartzCore.framework */,
				3AFD2D471C4ABBB8004F8E72 /* CoreLocation.framework */,
				3A44AC9F1C49917000F10D2E /* libAFNetworking.a */,
				3A44ACA01C49917000F10D2E /* libVK-ios-sdk.a */,
				3A44AC991C498CAA00F10D2E /* FBSDKCoreKit.framework */,
				3A44AC9A1C498CAA00F10D2E /* FBSDKLoginKit.framework */,
				3A44AC9B1C498CAA00F10D2E /* FBSDKShareKit.framework */,
				D8202FBAC738CC340F33080C /* libPods-Cupsters.a */,
			);
			name = Frameworks;
			sourceTree = "<group>";
		};
		3A1A46701C7B2E17002DFE51 /* New Group */ = {
			isa = PBXGroup;
			children = (
				3A1A46711C7B2E3E002DFE51 /* BWWalkthroughPageViewController.swift */,
				3A1A46721C7B2E3E002DFE51 /* BWWalkthroughViewController.swift */,
			);
			name = "New Group";
			sourceTree = "<group>";
		};
		3AA5165E1C4E2A410039F6AB /* SideMenu */ = {
			isa = PBXGroup;
			children = (
				3A08A3751C4BE9C20094AB63 /* ProfileViewController.h */,
				3A08A3761C4BE9C20094AB63 /* ProfileViewController.m */,
				3A08A37A1C4C0DA70094AB63 /* TariffViewController.h */,
				3A08A37B1C4C0DA70094AB63 /* TariffViewController.m */,
				3AE55FA11C4D22E600025AB8 /* SingleTariffViewController.h */,
				3AE55FA21C4D22E600025AB8 /* SingleTariffViewController.m */,
				3AE55FA41C4D3DB100025AB8 /* HistoryViewController.h */,
				3AE55FA51C4D3DB100025AB8 /* HistoryViewController.m */,
				3AE55FAA1C4D482300025AB8 /* CouponViewController.h */,
				3AE55FAB1C4D482300025AB8 /* CouponViewController.m */,
				DB745A181C7BD01D00082134 /* AboutUsViewController.h */,
				DB745A191C7BD01D00082134 /* AboutUsViewController.m */,
			);
			name = SideMenu;
			sourceTree = "<group>";
		};
		3AA5165F1C4E2A590039F6AB /* Main */ = {
			isa = PBXGroup;
			children = (
				DB671F3A1C3DCF9F008C1408 /* ListPlacesImagesViewController.h */,
				DB671F3B1C3DCFA0008C1408 /* ListPlacesImagesViewController.m */,
				3AFD2D441C4AB471004F8E72 /* MapViewController.h */,
				3AFD2D451C4AB471004F8E72 /* MapViewController.m */,
				3A08A36F1C4BDE720094AB63 /* CafeViewController.h */,
				3A08A3701C4BDE720094AB63 /* CafeViewController.m */,
				3AE1496E1C4E83B8002B74DF /* OrderViewController.h */,
				3AE1496F1C4E83B8002B74DF /* OrderViewController.m */,
			);
			name = Main;
			sourceTree = "<group>";
		};
		3AA516601C4E2A860039F6AB /* IBDesignable */ = {
			isa = PBXGroup;
			children = (
				3A08A37D1C4C1B970094AB63 /* CustomButtonSettings.h */,
				3A08A37E1C4C1B970094AB63 /* CustomButtonSettings.m */,
				3A661FA11C52B7AC00B9E604 /* CustomViewSettings.h */,
				3A661FA21C52B7AC00B9E604 /* CustomViewSettings.m */,
			);
			name = IBDesignable;
			sourceTree = "<group>";
		};
		A6E0F1BBD2E2AA8B6A4B5D29 /* Pods */ = {
			isa = PBXGroup;
			children = (
				DDC96F5213E98AC9D6EAF4A0 /* Pods-Cupsters.debug.xcconfig */,
				DAB1AEDCFE52DD16B159BD48 /* Pods-Cupsters.release.xcconfig */,
			);
			name = Pods;
			sourceTree = "<group>";
		};
		DB478BB51C5D1FFD0067BDE5 /* Views */ = {
			isa = PBXGroup;
			children = (
				DB478BB61C5D20160067BDE5 /* Animators */,
				DB67FED51C3C0B8100FC62E2 /* Cells */,
			);
			name = Views;
			sourceTree = "<group>";
		};
		DB478BB61C5D20160067BDE5 /* Animators */ = {
			isa = PBXGroup;
			children = (
				DB478BBD1C5D2F890067BDE5 /* ShowAnimator.h */,
				DB478BBE1C5D2F890067BDE5 /* ShowAnimator.m */,
			);
			name = Animators;
			sourceTree = "<group>";
		};
		DB671F461C3EC30B008C1408 /* Mock files */ = {
			isa = PBXGroup;
			children = (
				DB671F471C3EC32B008C1408 /* cafeBack1.png */,
			);
			name = "Mock files";
			sourceTree = "<group>";
		};
		DB6733B81C40EF7D00BA7832 /* Menu */ = {
			isa = PBXGroup;
			children = (
				DBDC1C2F1C40EB05003A8507 /* SWRevealViewController.h */,
				DBDC1C2E1C40EB05003A8507 /* SWRevealViewController.m */,
				DB671F491C3EE5F7008C1408 /* MenuRevealViewController.h */,
				DB671F4A1C3EE5F7008C1408 /* MenuRevealViewController.m */,
				3AF288351C582BBF002723EC /* NavViewController.h */,
				3AF288361C582BBF002723EC /* NavViewController.m */,
			);
			name = Menu;
			sourceTree = "<group>";
		};
		DB6733B91C40F01C00BA7832 /* Login */ = {
			isa = PBXGroup;
			children = (
				DB67FED71C3C0BA800FC62E2 /* LoginViewController.h */,
				DB67FED81C3C0BA800FC62E2 /* LoginViewController.m */,
				DB67FF121C3C307E00FC62E2 /* SignUpViewController.h */,
				DB67FF131C3C307E00FC62E2 /* SignUpViewController.m */,
				DBAA546A1C51CB44004F7C6D /* EntryNavigationController.h */,
				DBAA546B1C51CB44004F7C6D /* EntryNavigationController.m */,
				DBE52B001C61375A00475B48 /* StartViewController.h */,
				DBE52B011C61375A00475B48 /* StartViewController.m */,
				3A1A466D1C7B2556002DFE51 /* Cupsters-Bridging-Header.h */,
			);
			name = Login;
			sourceTree = "<group>";
		};
		DB67FEAD1C3BD8FB00FC62E2 = {
			isa = PBXGroup;
			children = (
				DB67FEB81C3BD8FB00FC62E2 /* Cupsters */,
				DB67FEB71C3BD8FB00FC62E2 /* Products */,
				A6E0F1BBD2E2AA8B6A4B5D29 /* Pods */,
				01BF79CAEC332CDC20301AC9 /* Frameworks */,
			);
			sourceTree = "<group>";
		};
		DB67FEB71C3BD8FB00FC62E2 /* Products */ = {
			isa = PBXGroup;
			children = (
				DB67FEB61C3BD8FB00FC62E2 /* Cupsters.app */,
			);
			name = Products;
			sourceTree = "<group>";
		};
		DB67FEB81C3BD8FB00FC62E2 /* Cupsters */ = {
			isa = PBXGroup;
			children = (
				DB67FED31C3C0B6500FC62E2 /* Models */,
				DB67FED61C3C0B8800FC62E2 /* Controllers */,
				DB478BB51C5D1FFD0067BDE5 /* Views */,
				DB67FEBC1C3BD8FB00FC62E2 /* AppDelegate.h */,
				DB67FEBD1C3BD8FB00FC62E2 /* AppDelegate.m */,
				DB67FEC21C3BD8FB00FC62E2 /* Main.storyboard */,
				3A56C5B41C817DE5001B7A6F /* PaymentViewController.h */,
				3A56C5B51C817DE5001B7A6F /* PaymentViewController.m */,
				3A1A46751C7B2E9D002DFE51 /* Walkthrough.storyboard */,
				DB67FEC81C3BD8FB00FC62E2 /* Assets.xcassets */,
				DB67FECA1C3BD8FB00FC62E2 /* LaunchScreen.storyboard */,
				DB67FEC51C3BD8FB00FC62E2 /* Cupsters.xcdatamodeld */,
				DB67FECD1C3BD8FB00FC62E2 /* Info.plist */,
				DB67FEB91C3BD8FB00FC62E2 /* Supporting Files */,
			);
			path = Cupsters;
			sourceTree = "<group>";
		};
		DB67FEB91C3BD8FB00FC62E2 /* Supporting Files */ = {
			isa = PBXGroup;
			children = (
				DBDC1C2A1C400583003A8507 /* Podfile */,
				3AA516601C4E2A860039F6AB /* IBDesignable */,
				DB671F461C3EC30B008C1408 /* Mock files */,
				3A1A46701C7B2E17002DFE51 /* New Group */,
				DB67FEDB1C3C0FCF00FC62E2 /* Fonts */,
				DB67FEBA1C3BD8FB00FC62E2 /* main.m */,
				DB671F3D1C3DD369008C1408 /* Constants.h */,
				DB671F3E1C3DD39F008C1408 /* Constants.m */,
				DB671F401C3DEA07008C1408 /* UIColor+HEX.h */,
				DB671F411C3DEA07008C1408 /* UIColor+HEX.m */,
				3A0024E01C4A8FFF00C248D2 /* VKSdk+CustomAuthorizationDelegate.h */,
				3A0024E11C4A8FFF00C248D2 /* VKSdk+CustomAuthorizationDelegate.m */,
			);
			name = "Supporting Files";
			sourceTree = "<group>";
		};
		DB67FED31C3C0B6500FC62E2 /* Models */ = {
			isa = PBXGroup;
			children = (
				DB67FF151C3D591D00FC62E2 /* LoginModelViewController.h */,
				DB67FF161C3D591D00FC62E2 /* LoginModelViewController.m */,
				DB6733BA1C4101E400BA7832 /* User.h */,
				DB6733BB1C4101E400BA7832 /* User.m */,
				DB6733BD1C41022100BA7832 /* Plan.h */,
				DB6733BE1C41022100BA7832 /* Plan.m */,
				DBA9C4B81C4F0854002A5E0D /* Core Data */,
				DBA9C4B41C4DBC9E002A5E0D /* Server */,
			);
			name = Models;
			sourceTree = "<group>";
		};
		DB67FED51C3C0B8100FC62E2 /* Cells */ = {
			isa = PBXGroup;
			children = (
				DB671F431C3EC239008C1408 /* PlacePhotoTableViewCell.h */,
				DB671F441C3EC239008C1408 /* PlacePhotoTableViewCell.m */,
				3A08A3691C4BCAC60094AB63 /* MapTableViewCell.h */,
				3A08A36A1C4BCAC60094AB63 /* MapTableViewCell.m */,
				3A08A3721C4BE51A0094AB63 /* CafeTableViewCell.h */,
				3A08A3731C4BE51A0094AB63 /* CafeTableViewCell.m */,
				3AE55FA71C4D3E2100025AB8 /* HistoryTableViewCell.h */,
				3AE55FA81C4D3E2100025AB8 /* HistoryTableViewCell.m */,
			);
			name = Cells;
			sourceTree = "<group>";
		};
		DB67FED61C3C0B8800FC62E2 /* Controllers */ = {
			isa = PBXGroup;
			children = (
				3AA5165E1C4E2A410039F6AB /* SideMenu */,
				DB6733B81C40EF7D00BA7832 /* Menu */,
				DB6733B91C40F01C00BA7832 /* Login */,
				3AA5165F1C4E2A590039F6AB /* Main */,
			);
			name = Controllers;
			sourceTree = "<group>";
		};
		DB67FEDB1C3C0FCF00FC62E2 /* Fonts */ = {
			isa = PBXGroup;
			children = (
				DB67FF101C3C19EC00FC62E2 /* MyriadPro-Regular.otf */,
				DB67FEF61C3C103600FC62E2 /* HelveticaNeueCyr-Black.otf */,
				DB67FEF71C3C103600FC62E2 /* HelveticaNeueCyr-BlackItalic.otf */,
				DB67FEF81C3C103600FC62E2 /* HelveticaNeueCyr-Bold.otf */,
				DB67FEF91C3C103600FC62E2 /* HelveticaNeueCyr-BoldItalic.otf */,
				DB67FEFA1C3C103600FC62E2 /* HelveticaNeueCyr-Italic.otf */,
				DB67FEFB1C3C103600FC62E2 /* HelveticaNeueCyr-Light.otf */,
				DB67FEFC1C3C103600FC62E2 /* HelveticaNeueCyr-LightItalic.otf */,
				DB67FEFD1C3C103600FC62E2 /* HelveticaNeueCyr-Medium.otf */,
				DB67FEFE1C3C103600FC62E2 /* HelveticaNeueCyr-Roman.otf */,
				DB67FEFF1C3C103600FC62E2 /* HelveticaNeueCyr-Thin.otf */,
				DB67FF001C3C103600FC62E2 /* HelveticaNeueCyr-ThinItalic.otf */,
				DB67FF011C3C103600FC62E2 /* HelveticaNeueCyr-UltraLight_0.otf */,
				DB67FF021C3C103600FC62E2 /* HelveticaNeueCyr-UltraLightItalic.otf */,
			);
			name = Fonts;
			sourceTree = "<group>";
		};
		DBA9C4B41C4DBC9E002A5E0D /* Server */ = {
			isa = PBXGroup;
			children = (
				DBA9C4B11C4DBC93002A5E0D /* Server.h */,
				DBA9C4B21C4DBC93002A5E0D /* Server.m */,
				DBA9C4A81C4DBC61002A5E0D /* ServerRequest.h */,
				DBA9C4A91C4DBC61002A5E0D /* ServerRequest.m */,
				DBA9C4AB1C4DBC74002A5E0D /* ServerResponse.h */,
				DBA9C4AC1C4DBC74002A5E0D /* ServerResponse.m */,
				DBA9C4AE1C4DBC84002A5E0D /* ServerError.h */,
				DBA9C4AF1C4DBC84002A5E0D /* ServerError.m */,
				DBA9C4C81C4F0D0F002A5E0D /* Token.h */,
				DBA9C4C91C4F0D0F002A5E0D /* Token.m */,
			);
			name = Server;
			sourceTree = "<group>";
		};
		DBA9C4B81C4F0854002A5E0D /* Core Data */ = {
			isa = PBXGroup;
			children = (
				DBAA54991C527732004F7C6D /* DataManager.h */,
				DBAA549A1C527732004F7C6D /* DataManager.m */,
			);
			name = "Core Data";
			sourceTree = "<group>";
		};
/* End PBXGroup section */

/* Begin PBXNativeTarget section */
		DB67FEB51C3BD8FB00FC62E2 /* Cupsters */ = {
			isa = PBXNativeTarget;
			buildConfigurationList = DB67FED01C3BD8FB00FC62E2 /* Build configuration list for PBXNativeTarget "Cupsters" */;
			buildPhases = (
				BC5984D8CCF638BDA5B7B3C2 /* Check Pods Manifest.lock */,
				DB67FEB21C3BD8FB00FC62E2 /* Sources */,
				DB67FEB31C3BD8FB00FC62E2 /* Frameworks */,
				DB67FEB41C3BD8FB00FC62E2 /* Resources */,
				6E968BEE2BDB98A63E8F90D1 /* Embed Pods Frameworks */,
				9C3A9EF00C61D6968A040DEB /* Copy Pods Resources */,
			);
			buildRules = (
			);
			dependencies = (
			);
			name = Cupsters;
			productName = Cupsters;
			productReference = DB67FEB61C3BD8FB00FC62E2 /* Cupsters.app */;
			productType = "com.apple.product-type.application";
		};
/* End PBXNativeTarget section */

/* Begin PBXProject section */
		DB67FEAE1C3BD8FB00FC62E2 /* Project object */ = {
			isa = PBXProject;
			attributes = {
				LastSwiftUpdateCheck = 0720;
				LastUpgradeCheck = 0700;
				ORGANIZATIONNAME = Styleru;
				TargetAttributes = {
					DB67FEB51C3BD8FB00FC62E2 = {
						CreatedOnToolsVersion = 7.0.1;
						DevelopmentTeam = PK62EBWEC2;
					};
				};
			};
			buildConfigurationList = DB67FEB11C3BD8FB00FC62E2 /* Build configuration list for PBXProject "Cupsters" */;
			compatibilityVersion = "Xcode 3.2";
			developmentRegion = English;
			hasScannedForEncodings = 0;
			knownRegions = (
				en,
				Base,
			);
			mainGroup = DB67FEAD1C3BD8FB00FC62E2;
			productRefGroup = DB67FEB71C3BD8FB00FC62E2 /* Products */;
			projectDirPath = "";
			projectRoot = "";
			targets = (
				DB67FEB51C3BD8FB00FC62E2 /* Cupsters */,
			);
		};
/* End PBXProject section */

/* Begin PBXResourcesBuildPhase section */
		DB67FEB41C3BD8FB00FC62E2 /* Resources */ = {
			isa = PBXResourcesBuildPhase;
			buildActionMask = 2147483647;
			files = (
				DB67FF0D1C3C103600FC62E2 /* HelveticaNeueCyr-ThinItalic.otf in Resources */,
				DB67FF061C3C103600FC62E2 /* HelveticaNeueCyr-BoldItalic.otf in Resources */,
				DB67FECC1C3BD8FB00FC62E2 /* LaunchScreen.storyboard in Resources */,
				DB67FF091C3C103600FC62E2 /* HelveticaNeueCyr-LightItalic.otf in Resources */,
				DB67FF0E1C3C103600FC62E2 /* HelveticaNeueCyr-UltraLight_0.otf in Resources */,
				DB67FEC91C3BD8FB00FC62E2 /* Assets.xcassets in Resources */,
				DB67FF041C3C103600FC62E2 /* HelveticaNeueCyr-BlackItalic.otf in Resources */,
				DB67FF081C3C103600FC62E2 /* HelveticaNeueCyr-Light.otf in Resources */,
				DB67FF111C3C19EC00FC62E2 /* MyriadPro-Regular.otf in Resources */,
				DBDC1C2B1C400583003A8507 /* Podfile in Resources */,
				DB671F481C3EC32B008C1408 /* cafeBack1.png in Resources */,
				DB67FEC41C3BD8FB00FC62E2 /* Main.storyboard in Resources */,
				DB67FF071C3C103600FC62E2 /* HelveticaNeueCyr-Italic.otf in Resources */,
				DB67FF051C3C103600FC62E2 /* HelveticaNeueCyr-Bold.otf in Resources */,
				DB67FF0A1C3C103600FC62E2 /* HelveticaNeueCyr-Medium.otf in Resources */,
				DB67FF031C3C103600FC62E2 /* HelveticaNeueCyr-Black.otf in Resources */,
				DB67FF0C1C3C103600FC62E2 /* HelveticaNeueCyr-Thin.otf in Resources */,
				3A1A46761C7B2E9D002DFE51 /* Walkthrough.storyboard in Resources */,
				DB67FF0B1C3C103600FC62E2 /* HelveticaNeueCyr-Roman.otf in Resources */,
				DB67FF0F1C3C103600FC62E2 /* HelveticaNeueCyr-UltraLightItalic.otf in Resources */,
			);
			runOnlyForDeploymentPostprocessing = 0;
		};
/* End PBXResourcesBuildPhase section */

/* Begin PBXShellScriptBuildPhase section */
		6E968BEE2BDB98A63E8F90D1 /* Embed Pods Frameworks */ = {
			isa = PBXShellScriptBuildPhase;
			buildActionMask = 2147483647;
			files = (
			);
			inputPaths = (
			);
			name = "Embed Pods Frameworks";
			outputPaths = (
			);
			runOnlyForDeploymentPostprocessing = 0;
			shellPath = /bin/sh;
			shellScript = "\"${SRCROOT}/Pods/Target Support Files/Pods-Cupsters/Pods-Cupsters-frameworks.sh\"\n";
			showEnvVarsInLog = 0;
		};
		9C3A9EF00C61D6968A040DEB /* Copy Pods Resources */ = {
			isa = PBXShellScriptBuildPhase;
			buildActionMask = 2147483647;
			files = (
			);
			inputPaths = (
			);
			name = "Copy Pods Resources";
			outputPaths = (
			);
			runOnlyForDeploymentPostprocessing = 0;
			shellPath = /bin/sh;
			shellScript = "\"${SRCROOT}/Pods/Target Support Files/Pods-Cupsters/Pods-Cupsters-resources.sh\"\n";
			showEnvVarsInLog = 0;
		};
		BC5984D8CCF638BDA5B7B3C2 /* Check Pods Manifest.lock */ = {
			isa = PBXShellScriptBuildPhase;
			buildActionMask = 2147483647;
			files = (
			);
			inputPaths = (
			);
			name = "Check Pods Manifest.lock";
			outputPaths = (
			);
			runOnlyForDeploymentPostprocessing = 0;
			shellPath = /bin/sh;
			shellScript = "diff \"${PODS_ROOT}/../Podfile.lock\" \"${PODS_ROOT}/Manifest.lock\" > /dev/null\nif [[ $? != 0 ]] ; then\n    cat << EOM\nerror: The sandbox is not in sync with the Podfile.lock. Run 'pod install' or update your CocoaPods installation.\nEOM\n    exit 1\nfi\n";
			showEnvVarsInLog = 0;
		};
/* End PBXShellScriptBuildPhase section */

/* Begin PBXSourcesBuildPhase section */
		DB67FEB21C3BD8FB00FC62E2 /* Sources */ = {
			isa = PBXSourcesBuildPhase;
			buildActionMask = 2147483647;
			files = (
				DB6733BC1C4101E400BA7832 /* User.m in Sources */,
				3AE55FA31C4D22E600025AB8 /* SingleTariffViewController.m in Sources */,
				DB67FF171C3D591D00FC62E2 /* LoginModelViewController.m in Sources */,
				DBA9C4CA1C4F0D0F002A5E0D /* Token.m in Sources */,
				DB67FED91C3C0BA800FC62E2 /* LoginViewController.m in Sources */,
				DBA9C4B31C4DBC93002A5E0D /* Server.m in Sources */,
				3A661FA31C52B7AD00B9E604 /* CustomViewSettings.m in Sources */,
				DB67FF141C3C307E00FC62E2 /* SignUpViewController.m in Sources */,
				3AE55FA91C4D3E2100025AB8 /* HistoryTableViewCell.m in Sources */,
				3A08A37C1C4C0DA70094AB63 /* TariffViewController.m in Sources */,
				3AF288371C582BBF002723EC /* NavViewController.m in Sources */,
				DB671F3F1C3DD39F008C1408 /* Constants.m in Sources */,
				3A1A46741C7B2E3E002DFE51 /* BWWalkthroughViewController.swift in Sources */,
				3AE55FAC1C4D482300025AB8 /* CouponViewController.m in Sources */,
				DB671F451C3EC239008C1408 /* PlacePhotoTableViewCell.m in Sources */,
				3A08A36B1C4BCAC60094AB63 /* MapTableViewCell.m in Sources */,
				DBE52B021C61375A00475B48 /* StartViewController.m in Sources */,
				DBA9C4AA1C4DBC61002A5E0D /* ServerRequest.m in Sources */,
				DB671F421C3DEA07008C1408 /* UIColor+HEX.m in Sources */,
				DBAA546C1C51CB44004F7C6D /* EntryNavigationController.m in Sources */,
				3A08A3741C4BE51A0094AB63 /* CafeTableViewCell.m in Sources */,
				3AE55FA61C4D3DB100025AB8 /* HistoryViewController.m in Sources */,
				DB67FEBE1C3BD8FB00FC62E2 /* AppDelegate.m in Sources */,
				DB67FEC71C3BD8FB00FC62E2 /* Cupsters.xcdatamodeld in Sources */,
				DB67FEBB1C3BD8FB00FC62E2 /* main.m in Sources */,
				3A1A46731C7B2E3E002DFE51 /* BWWalkthroughPageViewController.swift in Sources */,
				DBAA549B1C527732004F7C6D /* DataManager.m in Sources */,
				3A0024E21C4A8FFF00C248D2 /* VKSdk+CustomAuthorizationDelegate.m in Sources */,
				3AFD2D461C4AB471004F8E72 /* MapViewController.m in Sources */,
				3A08A3771C4BE9C20094AB63 /* ProfileViewController.m in Sources */,
				DBA9C4AD1C4DBC74002A5E0D /* ServerResponse.m in Sources */,
				3A08A3711C4BDE720094AB63 /* CafeViewController.m in Sources */,
				DBA9C4B01C4DBC84002A5E0D /* ServerError.m in Sources */,
				3A56C5B61C817DE5001B7A6F /* PaymentViewController.m in Sources */,
				3A08A37F1C4C1B970094AB63 /* CustomButtonSettings.m in Sources */,
				DB6733BF1C41022100BA7832 /* Plan.m in Sources */,
				DB745A1A1C7BD01D00082134 /* AboutUsViewController.m in Sources */,
				DB478BBF1C5D2F890067BDE5 /* ShowAnimator.m in Sources */,
				DB671F3C1C3DCFA0008C1408 /* ListPlacesImagesViewController.m in Sources */,
				DB671F4B1C3EE5F7008C1408 /* MenuRevealViewController.m in Sources */,
				DBDC1C301C40EB05003A8507 /* SWRevealViewController.m in Sources */,
				3AE149701C4E83B8002B74DF /* OrderViewController.m in Sources */,
			);
			runOnlyForDeploymentPostprocessing = 0;
		};
/* End PBXSourcesBuildPhase section */

/* Begin PBXVariantGroup section */
		DB67FEC21C3BD8FB00FC62E2 /* Main.storyboard */ = {
			isa = PBXVariantGroup;
			children = (
				DB67FEC31C3BD8FB00FC62E2 /* Base */,
			);
			name = Main.storyboard;
			sourceTree = "<group>";
		};
		DB67FECA1C3BD8FB00FC62E2 /* LaunchScreen.storyboard */ = {
			isa = PBXVariantGroup;
			children = (
				DB67FECB1C3BD8FB00FC62E2 /* Base */,
			);
			name = LaunchScreen.storyboard;
			sourceTree = "<group>";
		};
/* End PBXVariantGroup section */

/* Begin XCBuildConfiguration section */
		DB67FECE1C3BD8FB00FC62E2 /* Debug */ = {
			isa = XCBuildConfiguration;
			buildSettings = {
				ALWAYS_SEARCH_USER_PATHS = NO;
				CLANG_CXX_LANGUAGE_STANDARD = "gnu++0x";
				CLANG_CXX_LIBRARY = "libc++";
				CLANG_ENABLE_MODULES = YES;
				CLANG_ENABLE_OBJC_ARC = YES;
				CLANG_WARN_BOOL_CONVERSION = YES;
				CLANG_WARN_CONSTANT_CONVERSION = YES;
				CLANG_WARN_DIRECT_OBJC_ISA_USAGE = YES_ERROR;
				CLANG_WARN_EMPTY_BODY = YES;
				CLANG_WARN_ENUM_CONVERSION = YES;
				CLANG_WARN_INT_CONVERSION = YES;
				CLANG_WARN_OBJC_ROOT_CLASS = YES_ERROR;
				CLANG_WARN_UNREACHABLE_CODE = YES;
				CLANG_WARN__DUPLICATE_METHOD_MATCH = YES;
				"CODE_SIGN_IDENTITY[sdk=iphoneos*]" = "iPhone Developer";
				COPY_PHASE_STRIP = NO;
				DEBUG_INFORMATION_FORMAT = dwarf;
				ENABLE_STRICT_OBJC_MSGSEND = YES;
				ENABLE_TESTABILITY = YES;
				GCC_C_LANGUAGE_STANDARD = gnu99;
				GCC_DYNAMIC_NO_PIC = NO;
				GCC_NO_COMMON_BLOCKS = YES;
				GCC_OPTIMIZATION_LEVEL = 0;
				GCC_PREPROCESSOR_DEFINITIONS = (
					"DEBUG=1",
					"$(inherited)",
				);
				GCC_WARN_64_TO_32_BIT_CONVERSION = YES;
				GCC_WARN_ABOUT_RETURN_TYPE = YES_ERROR;
				GCC_WARN_UNDECLARED_SELECTOR = YES;
				GCC_WARN_UNINITIALIZED_AUTOS = YES_AGGRESSIVE;
				GCC_WARN_UNUSED_FUNCTION = YES;
				GCC_WARN_UNUSED_VARIABLE = YES;
				IPHONEOS_DEPLOYMENT_TARGET = 8.0;
				MTL_ENABLE_DEBUG_INFO = YES;
				ONLY_ACTIVE_ARCH = YES;
				SDKROOT = iphoneos;
				TARGETED_DEVICE_FAMILY = "1,2";
			};
			name = Debug;
		};
		DB67FECF1C3BD8FB00FC62E2 /* Release */ = {
			isa = XCBuildConfiguration;
			buildSettings = {
				ALWAYS_SEARCH_USER_PATHS = NO;
				CLANG_CXX_LANGUAGE_STANDARD = "gnu++0x";
				CLANG_CXX_LIBRARY = "libc++";
				CLANG_ENABLE_MODULES = YES;
				CLANG_ENABLE_OBJC_ARC = YES;
				CLANG_WARN_BOOL_CONVERSION = YES;
				CLANG_WARN_CONSTANT_CONVERSION = YES;
				CLANG_WARN_DIRECT_OBJC_ISA_USAGE = YES_ERROR;
				CLANG_WARN_EMPTY_BODY = YES;
				CLANG_WARN_ENUM_CONVERSION = YES;
				CLANG_WARN_INT_CONVERSION = YES;
				CLANG_WARN_OBJC_ROOT_CLASS = YES_ERROR;
				CLANG_WARN_UNREACHABLE_CODE = YES;
				CLANG_WARN__DUPLICATE_METHOD_MATCH = YES;
				"CODE_SIGN_IDENTITY[sdk=iphoneos*]" = "iPhone Developer";
				COPY_PHASE_STRIP = NO;
				DEBUG_INFORMATION_FORMAT = "dwarf-with-dsym";
				ENABLE_NS_ASSERTIONS = NO;
				ENABLE_STRICT_OBJC_MSGSEND = YES;
				GCC_C_LANGUAGE_STANDARD = gnu99;
				GCC_NO_COMMON_BLOCKS = YES;
				GCC_WARN_64_TO_32_BIT_CONVERSION = YES;
				GCC_WARN_ABOUT_RETURN_TYPE = YES_ERROR;
				GCC_WARN_UNDECLARED_SELECTOR = YES;
				GCC_WARN_UNINITIALIZED_AUTOS = YES_AGGRESSIVE;
				GCC_WARN_UNUSED_FUNCTION = YES;
				GCC_WARN_UNUSED_VARIABLE = YES;
				IPHONEOS_DEPLOYMENT_TARGET = 8.0;
				MTL_ENABLE_DEBUG_INFO = NO;
				SDKROOT = iphoneos;
				TARGETED_DEVICE_FAMILY = "1,2";
				VALIDATE_PRODUCT = YES;
			};
			name = Release;
		};
		DB67FED11C3BD8FB00FC62E2 /* Debug */ = {
			isa = XCBuildConfiguration;
			baseConfigurationReference = DDC96F5213E98AC9D6EAF4A0 /* Pods-Cupsters.debug.xcconfig */;
			buildSettings = {
				ASSETCATALOG_COMPILER_APPICON_NAME = AppIcon;
				CLANG_ENABLE_MODULES = YES;
				CODE_SIGN_IDENTITY = "iPhone Developer";
				"CODE_SIGN_IDENTITY[sdk=iphoneos*]" = "iPhone Developer";
				DEFINES_MODULE = YES;
				EMBEDDED_CONTENT_CONTAINS_SWIFT = NO;
				EMBED_ASSET_PACKS_IN_PRODUCT_BUNDLE = YES;
				ENABLE_BITCODE = NO;
				FRAMEWORK_SEARCH_PATHS = (
					"$(inherited)",
					"$(PROJECT_DIR)",
					"$(PROJECT_DIR)/build/Debug-iphoneos",
				);
				INFOPLIST_FILE = Cupsters/Info.plist;
				IPHONEOS_DEPLOYMENT_TARGET = 8.0;
				LD_RUNPATH_SEARCH_PATHS = "$(inherited) @executable_path/Frameworks";
				LIBRARY_SEARCH_PATHS = (
					"$(inherited)",
					"$(PROJECT_DIR)/build/Debug-iphoneos",
				);
				PRODUCT_BUNDLE_IDENTIFIER = com.styleru.cupsterapp;
				PRODUCT_NAME = "$(TARGET_NAME)";
				PROVISIONING_PROFILE = "";
				SWIFT_OBJC_BRIDGING_HEADER = "Cupsters/Cupsters-Bridging-Header.h";
				SWIFT_OPTIMIZATION_LEVEL = "-Onone";
			};
			name = Debug;
		};
		DB67FED21C3BD8FB00FC62E2 /* Release */ = {
			isa = XCBuildConfiguration;
			baseConfigurationReference = DAB1AEDCFE52DD16B159BD48 /* Pods-Cupsters.release.xcconfig */;
			buildSettings = {
				ASSETCATALOG_COMPILER_APPICON_NAME = AppIcon;
				CLANG_ENABLE_MODULES = YES;
				CODE_SIGN_IDENTITY = "iPhone Developer";
				"CODE_SIGN_IDENTITY[sdk=iphoneos*]" = "iPhone Developer";
				DEFINES_MODULE = YES;
				EMBEDDED_CONTENT_CONTAINS_SWIFT = NO;
				EMBED_ASSET_PACKS_IN_PRODUCT_BUNDLE = YES;
				ENABLE_BITCODE = NO;
				FRAMEWORK_SEARCH_PATHS = (
					"$(inherited)",
					"$(PROJECT_DIR)",
					"$(PROJECT_DIR)/build/Debug-iphoneos",
				);
				INFOPLIST_FILE = Cupsters/Info.plist;
				IPHONEOS_DEPLOYMENT_TARGET = 8.0;
				LD_RUNPATH_SEARCH_PATHS = "$(inherited) @executable_path/Frameworks";
				LIBRARY_SEARCH_PATHS = (
					"$(inherited)",
					"$(PROJECT_DIR)/build/Debug-iphoneos",
				);
				PRODUCT_BUNDLE_IDENTIFIER = com.styleru.cupsterapp;
				PRODUCT_NAME = "$(TARGET_NAME)";
				PROVISIONING_PROFILE = "";
				SWIFT_OBJC_BRIDGING_HEADER = "Cupsters/Cupsters-Bridging-Header.h";
			};
			name = Release;
		};
/* End XCBuildConfiguration section */

/* Begin XCConfigurationList section */
		DB67FEB11C3BD8FB00FC62E2 /* Build configuration list for PBXProject "Cupsters" */ = {
			isa = XCConfigurationList;
			buildConfigurations = (
				DB67FECE1C3BD8FB00FC62E2 /* Debug */,
				DB67FECF1C3BD8FB00FC62E2 /* Release */,
			);
			defaultConfigurationIsVisible = 0;
			defaultConfigurationName = Release;
		};
		DB67FED01C3BD8FB00FC62E2 /* Build configuration list for PBXNativeTarget "Cupsters" */ = {
			isa = XCConfigurationList;
			buildConfigurations = (
				DB67FED11C3BD8FB00FC62E2 /* Debug */,
				DB67FED21C3BD8FB00FC62E2 /* Release */,
			);
			defaultConfigurationIsVisible = 0;
			defaultConfigurationName = Release;
		};
/* End XCConfigurationList section */

/* Begin XCVersionGroup section */
		DB67FEC51C3BD8FB00FC62E2 /* Cupsters.xcdatamodeld */ = {
			isa = XCVersionGroup;
			children = (
				DB67FEC61C3BD8FB00FC62E2 /* Cupsters.xcdatamodel */,
			);
			currentVersion = DB67FEC61C3BD8FB00FC62E2 /* Cupsters.xcdatamodel */;
			path = Cupsters.xcdatamodeld;
			sourceTree = "<group>";
			versionGroupType = wrapper.xcdatamodel;
		};
/* End XCVersionGroup section */
	};
	rootObject = DB67FEAE1C3BD8FB00FC62E2 /* Project object */;
}
