// !$*UTF8*$!
{
	archiveVersion = 1;
	classes = {
	};
	objectVersion = 46;
	objects = {

/* Begin PBXBuildFile section */
		D29AE48A6D499E64286DB83E /* libPods-Cupsters.a in Frameworks */ = {isa = PBXBuildFile; fileRef = 3FD21CA9A973FF164B7FBFE4 /* libPods-Cupsters.a */; };
		DB671F3C1C3DCFA0008C1408 /* ListPlacesImagesViewController.m in Sources */ = {isa = PBXBuildFile; fileRef = DB671F3B1C3DCFA0008C1408 /* ListPlacesImagesViewController.m */; settings = {ASSET_TAGS = (); }; };
		DB671F3F1C3DD39F008C1408 /* Constants.m in Sources */ = {isa = PBXBuildFile; fileRef = DB671F3E1C3DD39F008C1408 /* Constants.m */; settings = {ASSET_TAGS = (); }; };
		DB671F421C3DEA07008C1408 /* UIColor+HEX.m in Sources */ = {isa = PBXBuildFile; fileRef = DB671F411C3DEA07008C1408 /* UIColor+HEX.m */; settings = {ASSET_TAGS = (); }; };
		DB671F451C3EC239008C1408 /* PlacePhotoTableViewCell.m in Sources */ = {isa = PBXBuildFile; fileRef = DB671F441C3EC239008C1408 /* PlacePhotoTableViewCell.m */; settings = {ASSET_TAGS = (); }; };
		DB671F481C3EC32B008C1408 /* cafeBack1.png in Resources */ = {isa = PBXBuildFile; fileRef = DB671F471C3EC32B008C1408 /* cafeBack1.png */; settings = {ASSET_TAGS = (); }; };
		DB671F4B1C3EE5F7008C1408 /* MenuRevealViewController.m in Sources */ = {isa = PBXBuildFile; fileRef = DB671F4A1C3EE5F7008C1408 /* MenuRevealViewController.m */; settings = {ASSET_TAGS = (); }; };
		DB67FEBB1C3BD8FB00FC62E2 /* main.m in Sources */ = {isa = PBXBuildFile; fileRef = DB67FEBA1C3BD8FB00FC62E2 /* main.m */; };
		DB67FEBE1C3BD8FB00FC62E2 /* AppDelegate.m in Sources */ = {isa = PBXBuildFile; fileRef = DB67FEBD1C3BD8FB00FC62E2 /* AppDelegate.m */; };
		DB67FEC41C3BD8FB00FC62E2 /* Main.storyboard in Resources */ = {isa = PBXBuildFile; fileRef = DB67FEC21C3BD8FB00FC62E2 /* Main.storyboard */; };
		DB67FEC71C3BD8FB00FC62E2 /* Cupsters.xcdatamodeld in Sources */ = {isa = PBXBuildFile; fileRef = DB67FEC51C3BD8FB00FC62E2 /* Cupsters.xcdatamodeld */; };
		DB67FEC91C3BD8FB00FC62E2 /* Assets.xcassets in Resources */ = {isa = PBXBuildFile; fileRef = DB67FEC81C3BD8FB00FC62E2 /* Assets.xcassets */; };
		DB67FECC1C3BD8FB00FC62E2 /* LaunchScreen.storyboard in Resources */ = {isa = PBXBuildFile; fileRef = DB67FECA1C3BD8FB00FC62E2 /* LaunchScreen.storyboard */; };
		DB67FED91C3C0BA800FC62E2 /* LoginViewController.m in Sources */ = {isa = PBXBuildFile; fileRef = DB67FED81C3C0BA800FC62E2 /* LoginViewController.m */; settings = {ASSET_TAGS = (); }; };
		DB67FF031C3C103600FC62E2 /* HelveticaNeueCyr-Black.otf in Resources */ = {isa = PBXBuildFile; fileRef = DB67FEF61C3C103600FC62E2 /* HelveticaNeueCyr-Black.otf */; settings = {ASSET_TAGS = (); }; };
		DB67FF041C3C103600FC62E2 /* HelveticaNeueCyr-BlackItalic.otf in Resources */ = {isa = PBXBuildFile; fileRef = DB67FEF71C3C103600FC62E2 /* HelveticaNeueCyr-BlackItalic.otf */; settings = {ASSET_TAGS = (); }; };
		DB67FF051C3C103600FC62E2 /* HelveticaNeueCyr-Bold.otf in Resources */ = {isa = PBXBuildFile; fileRef = DB67FEF81C3C103600FC62E2 /* HelveticaNeueCyr-Bold.otf */; settings = {ASSET_TAGS = (); }; };
		DB67FF061C3C103600FC62E2 /* HelveticaNeueCyr-BoldItalic.otf in Resources */ = {isa = PBXBuildFile; fileRef = DB67FEF91C3C103600FC62E2 /* HelveticaNeueCyr-BoldItalic.otf */; settings = {ASSET_TAGS = (); }; };
		DB67FF071C3C103600FC62E2 /* HelveticaNeueCyr-Italic.otf in Resources */ = {isa = PBXBuildFile; fileRef = DB67FEFA1C3C103600FC62E2 /* HelveticaNeueCyr-Italic.otf */; settings = {ASSET_TAGS = (); }; };
		DB67FF081C3C103600FC62E2 /* HelveticaNeueCyr-Light.otf in Resources */ = {isa = PBXBuildFile; fileRef = DB67FEFB1C3C103600FC62E2 /* HelveticaNeueCyr-Light.otf */; settings = {ASSET_TAGS = (); }; };
		DB67FF091C3C103600FC62E2 /* HelveticaNeueCyr-LightItalic.otf in Resources */ = {isa = PBXBuildFile; fileRef = DB67FEFC1C3C103600FC62E2 /* HelveticaNeueCyr-LightItalic.otf */; settings = {ASSET_TAGS = (); }; };
		DB67FF0A1C3C103600FC62E2 /* HelveticaNeueCyr-Medium.otf in Resources */ = {isa = PBXBuildFile; fileRef = DB67FEFD1C3C103600FC62E2 /* HelveticaNeueCyr-Medium.otf */; settings = {ASSET_TAGS = (); }; };
		DB67FF0B1C3C103600FC62E2 /* HelveticaNeueCyr-Roman.otf in Resources */ = {isa = PBXBuildFile; fileRef = DB67FEFE1C3C103600FC62E2 /* HelveticaNeueCyr-Roman.otf */; settings = {ASSET_TAGS = (); }; };
		DB67FF0C1C3C103600FC62E2 /* HelveticaNeueCyr-Thin.otf in Resources */ = {isa = PBXBuildFile; fileRef = DB67FEFF1C3C103600FC62E2 /* HelveticaNeueCyr-Thin.otf */; settings = {ASSET_TAGS = (); }; };
		DB67FF0D1C3C103600FC62E2 /* HelveticaNeueCyr-ThinItalic.otf in Resources */ = {isa = PBXBuildFile; fileRef = DB67FF001C3C103600FC62E2 /* HelveticaNeueCyr-ThinItalic.otf */; settings = {ASSET_TAGS = (); }; };
		DB67FF0E1C3C103600FC62E2 /* HelveticaNeueCyr-UltraLight_0.otf in Resources */ = {isa = PBXBuildFile; fileRef = DB67FF011C3C103600FC62E2 /* HelveticaNeueCyr-UltraLight_0.otf */; settings = {ASSET_TAGS = (); }; };
		DB67FF0F1C3C103600FC62E2 /* HelveticaNeueCyr-UltraLightItalic.otf in Resources */ = {isa = PBXBuildFile; fileRef = DB67FF021C3C103600FC62E2 /* HelveticaNeueCyr-UltraLightItalic.otf */; settings = {ASSET_TAGS = (); }; };
		DB67FF111C3C19EC00FC62E2 /* MyriadPro-Regular.otf in Resources */ = {isa = PBXBuildFile; fileRef = DB67FF101C3C19EC00FC62E2 /* MyriadPro-Regular.otf */; settings = {ASSET_TAGS = (); }; };
		DB67FF141C3C307E00FC62E2 /* SignUpViewController.m in Sources */ = {isa = PBXBuildFile; fileRef = DB67FF131C3C307E00FC62E2 /* SignUpViewController.m */; settings = {ASSET_TAGS = (); }; };
		DB67FF171C3D591D00FC62E2 /* LoginModelViewController.m in Sources */ = {isa = PBXBuildFile; fileRef = DB67FF161C3D591D00FC62E2 /* LoginModelViewController.m */; settings = {ASSET_TAGS = (); }; };
		DBDC1C2B1C400583003A8507 /* Podfile in Resources */ = {isa = PBXBuildFile; fileRef = DBDC1C2A1C400583003A8507 /* Podfile */; settings = {ASSET_TAGS = (); }; };
		DBDC1C301C40EB05003A8507 /* SWRevealViewController.m in Sources */ = {isa = PBXBuildFile; fileRef = DBDC1C2E1C40EB05003A8507 /* SWRevealViewController.m */; settings = {ASSET_TAGS = (); }; };
/* End PBXBuildFile section */

/* Begin PBXFileReference section */
		3FD21CA9A973FF164B7FBFE4 /* libPods-Cupsters.a */ = {isa = PBXFileReference; explicitFileType = archive.ar; includeInIndex = 0; path = "libPods-Cupsters.a"; sourceTree = BUILT_PRODUCTS_DIR; };
		DAB1AEDCFE52DD16B159BD48 /* Pods-Cupsters.release.xcconfig */ = {isa = PBXFileReference; includeInIndex = 1; lastKnownFileType = text.xcconfig; name = "Pods-Cupsters.release.xcconfig"; path = "Pods/Target Support Files/Pods-Cupsters/Pods-Cupsters.release.xcconfig"; sourceTree = "<group>"; };
		DB671F3A1C3DCF9F008C1408 /* ListPlacesImagesViewController.h */ = {isa = PBXFileReference; fileEncoding = 4; lastKnownFileType = sourcecode.c.h; path = ListPlacesImagesViewController.h; sourceTree = "<group>"; };
		DB671F3B1C3DCFA0008C1408 /* ListPlacesImagesViewController.m */ = {isa = PBXFileReference; fileEncoding = 4; lastKnownFileType = sourcecode.c.objc; path = ListPlacesImagesViewController.m; sourceTree = "<group>"; };
		DB671F3D1C3DD369008C1408 /* Constants.h */ = {isa = PBXFileReference; lastKnownFileType = sourcecode.c.h; path = Constants.h; sourceTree = "<group>"; };
		DB671F3E1C3DD39F008C1408 /* Constants.m */ = {isa = PBXFileReference; fileEncoding = 4; lastKnownFileType = sourcecode.c.objc; path = Constants.m; sourceTree = "<group>"; };
		DB671F401C3DEA07008C1408 /* UIColor+HEX.h */ = {isa = PBXFileReference; fileEncoding = 4; lastKnownFileType = sourcecode.c.h; path = "UIColor+HEX.h"; sourceTree = "<group>"; };
		DB671F411C3DEA07008C1408 /* UIColor+HEX.m */ = {isa = PBXFileReference; fileEncoding = 4; lastKnownFileType = sourcecode.c.objc; path = "UIColor+HEX.m"; sourceTree = "<group>"; };
		DB671F431C3EC239008C1408 /* PlacePhotoTableViewCell.h */ = {isa = PBXFileReference; fileEncoding = 4; lastKnownFileType = sourcecode.c.h; path = PlacePhotoTableViewCell.h; sourceTree = "<group>"; };
		DB671F441C3EC239008C1408 /* PlacePhotoTableViewCell.m */ = {isa = PBXFileReference; fileEncoding = 4; lastKnownFileType = sourcecode.c.objc; path = PlacePhotoTableViewCell.m; sourceTree = "<group>"; };
		DB671F471C3EC32B008C1408 /* cafeBack1.png */ = {isa = PBXFileReference; lastKnownFileType = image.png; name = cafeBack1.png; path = "Сupsters-design/MockFiles/cafeBack1.png"; sourceTree = SOURCE_ROOT; };
		DB671F491C3EE5F7008C1408 /* MenuRevealViewController.h */ = {isa = PBXFileReference; fileEncoding = 4; lastKnownFileType = sourcecode.c.h; path = MenuRevealViewController.h; sourceTree = "<group>"; };
		DB671F4A1C3EE5F7008C1408 /* MenuRevealViewController.m */ = {isa = PBXFileReference; fileEncoding = 4; lastKnownFileType = sourcecode.c.objc; path = MenuRevealViewController.m; sourceTree = "<group>"; };
		DB67FEB61C3BD8FB00FC62E2 /* Cupsters.app */ = {isa = PBXFileReference; explicitFileType = wrapper.application; includeInIndex = 0; path = Cupsters.app; sourceTree = BUILT_PRODUCTS_DIR; };
		DB67FEBA1C3BD8FB00FC62E2 /* main.m */ = {isa = PBXFileReference; lastKnownFileType = sourcecode.c.objc; path = main.m; sourceTree = "<group>"; };
		DB67FEBC1C3BD8FB00FC62E2 /* AppDelegate.h */ = {isa = PBXFileReference; lastKnownFileType = sourcecode.c.h; path = AppDelegate.h; sourceTree = "<group>"; };
		DB67FEBD1C3BD8FB00FC62E2 /* AppDelegate.m */ = {isa = PBXFileReference; lastKnownFileType = sourcecode.c.objc; path = AppDelegate.m; sourceTree = "<group>"; };
		DB67FEC31C3BD8FB00FC62E2 /* Base */ = {isa = PBXFileReference; lastKnownFileType = file.storyboard; name = Base; path = Base.lproj/Main.storyboard; sourceTree = "<group>"; };
		DB67FEC61C3BD8FB00FC62E2 /* Cupsters.xcdatamodel */ = {isa = PBXFileReference; lastKnownFileType = wrapper.xcdatamodel; path = Cupsters.xcdatamodel; sourceTree = "<group>"; };
		DB67FEC81C3BD8FB00FC62E2 /* Assets.xcassets */ = {isa = PBXFileReference; lastKnownFileType = folder.assetcatalog; path = Assets.xcassets; sourceTree = "<group>"; };
		DB67FECB1C3BD8FB00FC62E2 /* Base */ = {isa = PBXFileReference; lastKnownFileType = file.storyboard; name = Base; path = Base.lproj/LaunchScreen.storyboard; sourceTree = "<group>"; };
		DB67FECD1C3BD8FB00FC62E2 /* Info.plist */ = {isa = PBXFileReference; lastKnownFileType = text.plist.xml; path = Info.plist; sourceTree = "<group>"; };
		DB67FED71C3C0BA800FC62E2 /* LoginViewController.h */ = {isa = PBXFileReference; fileEncoding = 4; lastKnownFileType = sourcecode.c.h; path = LoginViewController.h; sourceTree = "<group>"; };
		DB67FED81C3C0BA800FC62E2 /* LoginViewController.m */ = {isa = PBXFileReference; fileEncoding = 4; lastKnownFileType = sourcecode.c.objc; path = LoginViewController.m; sourceTree = "<group>"; };
		DB67FEF61C3C103600FC62E2 /* HelveticaNeueCyr-Black.otf */ = {isa = PBXFileReference; lastKnownFileType = file; name = "HelveticaNeueCyr-Black.otf"; path = "Сupsters-design/Helvetica-Neue-Cyr/HelveticaNeueCyr-Black.otf"; sourceTree = SOURCE_ROOT; };
		DB67FEF71C3C103600FC62E2 /* HelveticaNeueCyr-BlackItalic.otf */ = {isa = PBXFileReference; lastKnownFileType = file; name = "HelveticaNeueCyr-BlackItalic.otf"; path = "Сupsters-design/Helvetica-Neue-Cyr/HelveticaNeueCyr-BlackItalic.otf"; sourceTree = SOURCE_ROOT; };
		DB67FEF81C3C103600FC62E2 /* HelveticaNeueCyr-Bold.otf */ = {isa = PBXFileReference; lastKnownFileType = file; name = "HelveticaNeueCyr-Bold.otf"; path = "Сupsters-design/Helvetica-Neue-Cyr/HelveticaNeueCyr-Bold.otf"; sourceTree = SOURCE_ROOT; };
		DB67FEF91C3C103600FC62E2 /* HelveticaNeueCyr-BoldItalic.otf */ = {isa = PBXFileReference; lastKnownFileType = file; name = "HelveticaNeueCyr-BoldItalic.otf"; path = "Сupsters-design/Helvetica-Neue-Cyr/HelveticaNeueCyr-BoldItalic.otf"; sourceTree = SOURCE_ROOT; };
		DB67FEFA1C3C103600FC62E2 /* HelveticaNeueCyr-Italic.otf */ = {isa = PBXFileReference; lastKnownFileType = file; name = "HelveticaNeueCyr-Italic.otf"; path = "Сupsters-design/Helvetica-Neue-Cyr/HelveticaNeueCyr-Italic.otf"; sourceTree = SOURCE_ROOT; };
		DB67FEFB1C3C103600FC62E2 /* HelveticaNeueCyr-Light.otf */ = {isa = PBXFileReference; lastKnownFileType = file; name = "HelveticaNeueCyr-Light.otf"; path = "Сupsters-design/Helvetica-Neue-Cyr/HelveticaNeueCyr-Light.otf"; sourceTree = SOURCE_ROOT; };
		DB67FEFC1C3C103600FC62E2 /* HelveticaNeueCyr-LightItalic.otf */ = {isa = PBXFileReference; lastKnownFileType = file; name = "HelveticaNeueCyr-LightItalic.otf"; path = "Сupsters-design/Helvetica-Neue-Cyr/HelveticaNeueCyr-LightItalic.otf"; sourceTree = SOURCE_ROOT; };
		DB67FEFD1C3C103600FC62E2 /* HelveticaNeueCyr-Medium.otf */ = {isa = PBXFileReference; lastKnownFileType = file; name = "HelveticaNeueCyr-Medium.otf"; path = "Сupsters-design/Helvetica-Neue-Cyr/HelveticaNeueCyr-Medium.otf"; sourceTree = SOURCE_ROOT; };
		DB67FEFE1C3C103600FC62E2 /* HelveticaNeueCyr-Roman.otf */ = {isa = PBXFileReference; lastKnownFileType = file; name = "HelveticaNeueCyr-Roman.otf"; path = "Сupsters-design/Helvetica-Neue-Cyr/HelveticaNeueCyr-Roman.otf"; sourceTree = SOURCE_ROOT; };
		DB67FEFF1C3C103600FC62E2 /* HelveticaNeueCyr-Thin.otf */ = {isa = PBXFileReference; lastKnownFileType = file; name = "HelveticaNeueCyr-Thin.otf"; path = "Сupsters-design/Helvetica-Neue-Cyr/HelveticaNeueCyr-Thin.otf"; sourceTree = SOURCE_ROOT; };
		DB67FF001C3C103600FC62E2 /* HelveticaNeueCyr-ThinItalic.otf */ = {isa = PBXFileReference; lastKnownFileType = file; name = "HelveticaNeueCyr-ThinItalic.otf"; path = "Сupsters-design/Helvetica-Neue-Cyr/HelveticaNeueCyr-ThinItalic.otf"; sourceTree = SOURCE_ROOT; };
		DB67FF011C3C103600FC62E2 /* HelveticaNeueCyr-UltraLight_0.otf */ = {isa = PBXFileReference; lastKnownFileType = file; name = "HelveticaNeueCyr-UltraLight_0.otf"; path = "Сupsters-design/Helvetica-Neue-Cyr/HelveticaNeueCyr-UltraLight_0.otf"; sourceTree = SOURCE_ROOT; };
		DB67FF021C3C103600FC62E2 /* HelveticaNeueCyr-UltraLightItalic.otf */ = {isa = PBXFileReference; lastKnownFileType = file; name = "HelveticaNeueCyr-UltraLightItalic.otf"; path = "Сupsters-design/Helvetica-Neue-Cyr/HelveticaNeueCyr-UltraLightItalic.otf"; sourceTree = SOURCE_ROOT; };
		DB67FF101C3C19EC00FC62E2 /* MyriadPro-Regular.otf */ = {isa = PBXFileReference; lastKnownFileType = file; name = "MyriadPro-Regular.otf"; path = "Сupsters-design/MyraidPro/MyriadPro-Regular.otf"; sourceTree = SOURCE_ROOT; };
		DB67FF121C3C307E00FC62E2 /* SignUpViewController.h */ = {isa = PBXFileReference; fileEncoding = 4; lastKnownFileType = sourcecode.c.h; path = SignUpViewController.h; sourceTree = "<group>"; };
		DB67FF131C3C307E00FC62E2 /* SignUpViewController.m */ = {isa = PBXFileReference; fileEncoding = 4; lastKnownFileType = sourcecode.c.objc; path = SignUpViewController.m; sourceTree = "<group>"; };
		DB67FF151C3D591D00FC62E2 /* LoginModelViewController.h */ = {isa = PBXFileReference; fileEncoding = 4; lastKnownFileType = sourcecode.c.h; path = LoginModelViewController.h; sourceTree = "<group>"; };
		DB67FF161C3D591D00FC62E2 /* LoginModelViewController.m */ = {isa = PBXFileReference; fileEncoding = 4; lastKnownFileType = sourcecode.c.objc; path = LoginModelViewController.m; sourceTree = "<group>"; };
		DBDC1C2A1C400583003A8507 /* Podfile */ = {isa = PBXFileReference; fileEncoding = 4; lastKnownFileType = text; path = Podfile; sourceTree = SOURCE_ROOT; };
		DBDC1C2E1C40EB05003A8507 /* SWRevealViewController.m */ = {isa = PBXFileReference; fileEncoding = 4; lastKnownFileType = sourcecode.c.objc; name = SWRevealViewController.m; path = SWRevealViewController/SWRevealViewController.m; sourceTree = "<group>"; };
		DBDC1C2F1C40EB05003A8507 /* SWRevealViewController.h */ = {isa = PBXFileReference; fileEncoding = 4; lastKnownFileType = sourcecode.c.h; name = SWRevealViewController.h; path = SWRevealViewController/SWRevealViewController.h; sourceTree = "<group>"; };
		DDC96F5213E98AC9D6EAF4A0 /* Pods-Cupsters.debug.xcconfig */ = {isa = PBXFileReference; includeInIndex = 1; lastKnownFileType = text.xcconfig; name = "Pods-Cupsters.debug.xcconfig"; path = "Pods/Target Support Files/Pods-Cupsters/Pods-Cupsters.debug.xcconfig"; sourceTree = "<group>"; };
/* End PBXFileReference section */

/* Begin PBXFrameworksBuildPhase section */
		DB67FEB31C3BD8FB00FC62E2 /* Frameworks */ = {
			isa = PBXFrameworksBuildPhase;
			buildActionMask = 2147483647;
			files = (
				D29AE48A6D499E64286DB83E /* libPods-Cupsters.a in Frameworks */,
			);
			runOnlyForDeploymentPostprocessing = 0;
		};
/* End PBXFrameworksBuildPhase section */

/* Begin PBXGroup section */
		01BF79CAEC332CDC20301AC9 /* Frameworks */ = {
			isa = PBXGroup;
			children = (
				3FD21CA9A973FF164B7FBFE4 /* libPods-Cupsters.a */,
			);
			name = Frameworks;
			sourceTree = "<group>";
		};
		A6E0F1BBD2E2AA8B6A4B5D29 /* Pods */ = {
			isa = PBXGroup;
			children = (
				DDC96F5213E98AC9D6EAF4A0 /* Pods-Cupsters.debug.xcconfig */,
				DAB1AEDCFE52DD16B159BD48 /* Pods-Cupsters.release.xcconfig */,
			);
			name = Pods;
			sourceTree = "<group>";
		};
		DB671F461C3EC30B008C1408 /* Mock files */ = {
			isa = PBXGroup;
			children = (
				DB671F471C3EC32B008C1408 /* cafeBack1.png */,
			);
			name = "Mock files";
			sourceTree = "<group>";
		};
		DB6733B81C40EF7D00BA7832 /* Menu */ = {
			isa = PBXGroup;
			children = (
				DBDC1C2F1C40EB05003A8507 /* SWRevealViewController.h */,
				DBDC1C2E1C40EB05003A8507 /* SWRevealViewController.m */,
				DB671F491C3EE5F7008C1408 /* MenuRevealViewController.h */,
				DB671F4A1C3EE5F7008C1408 /* MenuRevealViewController.m */,
			);
			name = Menu;
			sourceTree = "<group>";
		};
		DB6733B91C40F01C00BA7832 /* Login */ = {
			isa = PBXGroup;
			children = (
				DB67FED71C3C0BA800FC62E2 /* LoginViewController.h */,
				DB67FED81C3C0BA800FC62E2 /* LoginViewController.m */,
				DB67FF121C3C307E00FC62E2 /* SignUpViewController.h */,
				DB67FF131C3C307E00FC62E2 /* SignUpViewController.m */,
			);
			name = Login;
			sourceTree = "<group>";
		};
		DB67FEAD1C3BD8FB00FC62E2 = {
			isa = PBXGroup;
			children = (
				DB67FEB81C3BD8FB00FC62E2 /* Cupsters */,
				DB67FEB71C3BD8FB00FC62E2 /* Products */,
				A6E0F1BBD2E2AA8B6A4B5D29 /* Pods */,
				01BF79CAEC332CDC20301AC9 /* Frameworks */,
			);
			sourceTree = "<group>";
		};
		DB67FEB71C3BD8FB00FC62E2 /* Products */ = {
			isa = PBXGroup;
			children = (
				DB67FEB61C3BD8FB00FC62E2 /* Cupsters.app */,
			);
			name = Products;
			sourceTree = "<group>";
		};
		DB67FEB81C3BD8FB00FC62E2 /* Cupsters */ = {
			isa = PBXGroup;
			children = (
				DB67FED31C3C0B6500FC62E2 /* Models */,
				DB67FED51C3C0B8100FC62E2 /* Views */,
				DB67FED61C3C0B8800FC62E2 /* Controllers */,
				DB67FEBC1C3BD8FB00FC62E2 /* AppDelegate.h */,
				DB67FEBD1C3BD8FB00FC62E2 /* AppDelegate.m */,
				DB67FEC21C3BD8FB00FC62E2 /* Main.storyboard */,
				DB67FEC81C3BD8FB00FC62E2 /* Assets.xcassets */,
				DB67FECA1C3BD8FB00FC62E2 /* LaunchScreen.storyboard */,
				DB67FECD1C3BD8FB00FC62E2 /* Info.plist */,
				DB67FEC51C3BD8FB00FC62E2 /* Cupsters.xcdatamodeld */,
				DB67FEB91C3BD8FB00FC62E2 /* Supporting Files */,
			);
			path = Cupsters;
			sourceTree = "<group>";
		};
		DB67FEB91C3BD8FB00FC62E2 /* Supporting Files */ = {
			isa = PBXGroup;
			children = (
				DBDC1C2A1C400583003A8507 /* Podfile */,
				DB671F461C3EC30B008C1408 /* Mock files */,
				DB67FEDB1C3C0FCF00FC62E2 /* Fonts */,
				DB67FEBA1C3BD8FB00FC62E2 /* main.m */,
				DB671F3D1C3DD369008C1408 /* Constants.h */,
				DB671F3E1C3DD39F008C1408 /* Constants.m */,
				DB671F401C3DEA07008C1408 /* UIColor+HEX.h */,
				DB671F411C3DEA07008C1408 /* UIColor+HEX.m */,
			);
			name = "Supporting Files";
			sourceTree = "<group>";
		};
		DB67FED31C3C0B6500FC62E2 /* Models */ = {
			isa = PBXGroup;
			children = (
				DB67FF151C3D591D00FC62E2 /* LoginModelViewController.h */,
				DB67FF161C3D591D00FC62E2 /* LoginModelViewController.m */,
			);
			name = Models;
			sourceTree = "<group>";
		};
		DB67FED51C3C0B8100FC62E2 /* Views */ = {
			isa = PBXGroup;
			children = (
				DB671F431C3EC239008C1408 /* PlacePhotoTableViewCell.h */,
				DB671F441C3EC239008C1408 /* PlacePhotoTableViewCell.m */,
			);
			name = Views;
			sourceTree = "<group>";
		};
		DB67FED61C3C0B8800FC62E2 /* Controllers */ = {
			isa = PBXGroup;
			children = (
				DB6733B81C40EF7D00BA7832 /* Menu */,
				DB6733B91C40F01C00BA7832 /* Login */,
				DB671F3A1C3DCF9F008C1408 /* ListPlacesImagesViewController.h */,
				DB671F3B1C3DCFA0008C1408 /* ListPlacesImagesViewController.m */,
			);
			name = Controllers;
			sourceTree = "<group>";
		};
		DB67FEDB1C3C0FCF00FC62E2 /* Fonts */ = {
			isa = PBXGroup;
			children = (
				DB67FF101C3C19EC00FC62E2 /* MyriadPro-Regular.otf */,
				DB67FEF61C3C103600FC62E2 /* HelveticaNeueCyr-Black.otf */,
				DB67FEF71C3C103600FC62E2 /* HelveticaNeueCyr-BlackItalic.otf */,
				DB67FEF81C3C103600FC62E2 /* HelveticaNeueCyr-Bold.otf */,
				DB67FEF91C3C103600FC62E2 /* HelveticaNeueCyr-BoldItalic.otf */,
				DB67FEFA1C3C103600FC62E2 /* HelveticaNeueCyr-Italic.otf */,
				DB67FEFB1C3C103600FC62E2 /* HelveticaNeueCyr-Light.otf */,
				DB67FEFC1C3C103600FC62E2 /* HelveticaNeueCyr-LightItalic.otf */,
				DB67FEFD1C3C103600FC62E2 /* HelveticaNeueCyr-Medium.otf */,
				DB67FEFE1C3C103600FC62E2 /* HelveticaNeueCyr-Roman.otf */,
				DB67FEFF1C3C103600FC62E2 /* HelveticaNeueCyr-Thin.otf */,
				DB67FF001C3C103600FC62E2 /* HelveticaNeueCyr-ThinItalic.otf */,
				DB67FF011C3C103600FC62E2 /* HelveticaNeueCyr-UltraLight_0.otf */,
				DB67FF021C3C103600FC62E2 /* HelveticaNeueCyr-UltraLightItalic.otf */,
			);
			name = Fonts;
			sourceTree = "<group>";
		};
/* End PBXGroup section */

/* Begin PBXNativeTarget section */
		DB67FEB51C3BD8FB00FC62E2 /* Cupsters */ = {
			isa = PBXNativeTarget;
			buildConfigurationList = DB67FED01C3BD8FB00FC62E2 /* Build configuration list for PBXNativeTarget "Cupsters" */;
			buildPhases = (
				BC5984D8CCF638BDA5B7B3C2 /* Check Pods Manifest.lock */,
				DB67FEB21C3BD8FB00FC62E2 /* Sources */,
				DB67FEB31C3BD8FB00FC62E2 /* Frameworks */,
				DB67FEB41C3BD8FB00FC62E2 /* Resources */,
				6E968BEE2BDB98A63E8F90D1 /* Embed Pods Frameworks */,
				9C3A9EF00C61D6968A040DEB /* Copy Pods Resources */,
			);
			buildRules = (
			);
			dependencies = (
			);
			name = Cupsters;
			productName = Cupsters;
			productReference = DB67FEB61C3BD8FB00FC62E2 /* Cupsters.app */;
			productType = "com.apple.product-type.application";
		};
/* End PBXNativeTarget section */

/* Begin PBXProject section */
		DB67FEAE1C3BD8FB00FC62E2 /* Project object */ = {
			isa = PBXProject;
			attributes = {
				LastUpgradeCheck = 0700;
				ORGANIZATIONNAME = Styleru;
				TargetAttributes = {
					DB67FEB51C3BD8FB00FC62E2 = {
						CreatedOnToolsVersion = 7.0.1;
						DevelopmentTeam = 9W968RZS7A;
					};
				};
			};
			buildConfigurationList = DB67FEB11C3BD8FB00FC62E2 /* Build configuration list for PBXProject "Cupsters" */;
			compatibilityVersion = "Xcode 3.2";
			developmentRegion = English;
			hasScannedForEncodings = 0;
			knownRegions = (
				en,
				Base,
			);
			mainGroup = DB67FEAD1C3BD8FB00FC62E2;
			productRefGroup = DB67FEB71C3BD8FB00FC62E2 /* Products */;
			projectDirPath = "";
			projectRoot = "";
			targets = (
				DB67FEB51C3BD8FB00FC62E2 /* Cupsters */,
			);
		};
/* End PBXProject section */

/* Begin PBXResourcesBuildPhase section */
		DB67FEB41C3BD8FB00FC62E2 /* Resources */ = {
			isa = PBXResourcesBuildPhase;
			buildActionMask = 2147483647;
			files = (
				DB67FF0D1C3C103600FC62E2 /* HelveticaNeueCyr-ThinItalic.otf in Resources */,
				DB67FF061C3C103600FC62E2 /* HelveticaNeueCyr-BoldItalic.otf in Resources */,
				DB67FECC1C3BD8FB00FC62E2 /* LaunchScreen.storyboard in Resources */,
				DB67FF091C3C103600FC62E2 /* HelveticaNeueCyr-LightItalic.otf in Resources */,
				DB67FF0E1C3C103600FC62E2 /* HelveticaNeueCyr-UltraLight_0.otf in Resources */,
				DB67FEC91C3BD8FB00FC62E2 /* Assets.xcassets in Resources */,
				DB67FF041C3C103600FC62E2 /* HelveticaNeueCyr-BlackItalic.otf in Resources */,
				DB67FF081C3C103600FC62E2 /* HelveticaNeueCyr-Light.otf in Resources */,
				DB67FF111C3C19EC00FC62E2 /* MyriadPro-Regular.otf in Resources */,
				DBDC1C2B1C400583003A8507 /* Podfile in Resources */,
				DB671F481C3EC32B008C1408 /* cafeBack1.png in Resources */,
				DB67FEC41C3BD8FB00FC62E2 /* Main.storyboard in Resources */,
				DB67FF071C3C103600FC62E2 /* HelveticaNeueCyr-Italic.otf in Resources */,
				DB67FF051C3C103600FC62E2 /* HelveticaNeueCyr-Bold.otf in Resources */,
				DB67FF0A1C3C103600FC62E2 /* HelveticaNeueCyr-Medium.otf in Resources */,
				DB67FF031C3C103600FC62E2 /* HelveticaNeueCyr-Black.otf in Resources */,
				DB67FF0C1C3C103600FC62E2 /* HelveticaNeueCyr-Thin.otf in Resources */,
				DB67FF0B1C3C103600FC62E2 /* HelveticaNeueCyr-Roman.otf in Resources */,
				DB67FF0F1C3C103600FC62E2 /* HelveticaNeueCyr-UltraLightItalic.otf in Resources */,
			);
			runOnlyForDeploymentPostprocessing = 0;
		};
/* End PBXResourcesBuildPhase section */

/* Begin PBXShellScriptBuildPhase section */
		6E968BEE2BDB98A63E8F90D1 /* Embed Pods Frameworks */ = {
			isa = PBXShellScriptBuildPhase;
			buildActionMask = 2147483647;
			files = (
			);
			inputPaths = (
			);
			name = "Embed Pods Frameworks";
			outputPaths = (
			);
			runOnlyForDeploymentPostprocessing = 0;
			shellPath = /bin/sh;
			shellScript = "\"${SRCROOT}/Pods/Target Support Files/Pods-Cupsters/Pods-Cupsters-frameworks.sh\"\n";
			showEnvVarsInLog = 0;
		};
		9C3A9EF00C61D6968A040DEB /* Copy Pods Resources */ = {
			isa = PBXShellScriptBuildPhase;
			buildActionMask = 2147483647;
			files = (
			);
			inputPaths = (
			);
			name = "Copy Pods Resources";
			outputPaths = (
			);
			runOnlyForDeploymentPostprocessing = 0;
			shellPath = /bin/sh;
			shellScript = "\"${SRCROOT}/Pods/Target Support Files/Pods-Cupsters/Pods-Cupsters-resources.sh\"\n";
			showEnvVarsInLog = 0;
		};
		BC5984D8CCF638BDA5B7B3C2 /* Check Pods Manifest.lock */ = {
			isa = PBXShellScriptBuildPhase;
			buildActionMask = 2147483647;
			files = (
			);
			inputPaths = (
			);
			name = "Check Pods Manifest.lock";
			outputPaths = (
			);
			runOnlyForDeploymentPostprocessing = 0;
			shellPath = /bin/sh;
			shellScript = "diff \"${PODS_ROOT}/../Podfile.lock\" \"${PODS_ROOT}/Manifest.lock\" > /dev/null\nif [[ $? != 0 ]] ; then\n    cat << EOM\nerror: The sandbox is not in sync with the Podfile.lock. Run 'pod install' or update your CocoaPods installation.\nEOM\n    exit 1\nfi\n";
			showEnvVarsInLog = 0;
		};
/* End PBXShellScriptBuildPhase section */

/* Begin PBXSourcesBuildPhase section */
		DB67FEB21C3BD8FB00FC62E2 /* Sources */ = {
			isa = PBXSourcesBuildPhase;
			buildActionMask = 2147483647;
			files = (
				DB67FF171C3D591D00FC62E2 /* LoginModelViewController.m in Sources */,
				DB67FED91C3C0BA800FC62E2 /* LoginViewController.m in Sources */,
				DB67FF141C3C307E00FC62E2 /* SignUpViewController.m in Sources */,
				DB671F3F1C3DD39F008C1408 /* Constants.m in Sources */,
				DB671F451C3EC239008C1408 /* PlacePhotoTableViewCell.m in Sources */,
				DB671F421C3DEA07008C1408 /* UIColor+HEX.m in Sources */,
				DB67FEBE1C3BD8FB00FC62E2 /* AppDelegate.m in Sources */,
				DB67FEC71C3BD8FB00FC62E2 /* Cupsters.xcdatamodeld in Sources */,
				DB67FEBB1C3BD8FB00FC62E2 /* main.m in Sources */,
				DB671F3C1C3DCFA0008C1408 /* ListPlacesImagesViewController.m in Sources */,
				DB671F4B1C3EE5F7008C1408 /* MenuRevealViewController.m in Sources */,
				DBDC1C301C40EB05003A8507 /* SWRevealViewController.m in Sources */,
			);
			runOnlyForDeploymentPostprocessing = 0;
		};
/* End PBXSourcesBuildPhase section */

/* Begin PBXVariantGroup section */
		DB67FEC21C3BD8FB00FC62E2 /* Main.storyboard */ = {
			isa = PBXVariantGroup;
			children = (
				DB67FEC31C3BD8FB00FC62E2 /* Base */,
			);
			name = Main.storyboard;
			sourceTree = "<group>";
		};
		DB67FECA1C3BD8FB00FC62E2 /* LaunchScreen.storyboard */ = {
			isa = PBXVariantGroup;
			children = (
				DB67FECB1C3BD8FB00FC62E2 /* Base */,
			);
			name = LaunchScreen.storyboard;
			sourceTree = "<group>";
		};
/* End PBXVariantGroup section */

/* Begin XCBuildConfiguration section */
		DB67FECE1C3BD8FB00FC62E2 /* Debug */ = {
			isa = XCBuildConfiguration;
			buildSettings = {
				ALWAYS_SEARCH_USER_PATHS = NO;
				CLANG_CXX_LANGUAGE_STANDARD = "gnu++0x";
				CLANG_CXX_LIBRARY = "libc++";
				CLANG_ENABLE_MODULES = YES;
				CLANG_ENABLE_OBJC_ARC = YES;
				CLANG_WARN_BOOL_CONVERSION = YES;
				CLANG_WARN_CONSTANT_CONVERSION = YES;
				CLANG_WARN_DIRECT_OBJC_ISA_USAGE = YES_ERROR;
				CLANG_WARN_EMPTY_BODY = YES;
				CLANG_WARN_ENUM_CONVERSION = YES;
				CLANG_WARN_INT_CONVERSION = YES;
				CLANG_WARN_OBJC_ROOT_CLASS = YES_ERROR;
				CLANG_WARN_UNREACHABLE_CODE = YES;
				CLANG_WARN__DUPLICATE_METHOD_MATCH = YES;
				"CODE_SIGN_IDENTITY[sdk=iphoneos*]" = "iPhone Developer";
				COPY_PHASE_STRIP = NO;
				DEBUG_INFORMATION_FORMAT = dwarf;
				ENABLE_STRICT_OBJC_MSGSEND = YES;
				ENABLE_TESTABILITY = YES;
				GCC_C_LANGUAGE_STANDARD = gnu99;
				GCC_DYNAMIC_NO_PIC = NO;
				GCC_NO_COMMON_BLOCKS = YES;
				GCC_OPTIMIZATION_LEVEL = 0;
				GCC_PREPROCESSOR_DEFINITIONS = (
					"DEBUG=1",
					"$(inherited)",
				);
				GCC_WARN_64_TO_32_BIT_CONVERSION = YES;
				GCC_WARN_ABOUT_RETURN_TYPE = YES_ERROR;
				GCC_WARN_UNDECLARED_SELECTOR = YES;
				GCC_WARN_UNINITIALIZED_AUTOS = YES_AGGRESSIVE;
				GCC_WARN_UNUSED_FUNCTION = YES;
				GCC_WARN_UNUSED_VARIABLE = YES;
				IPHONEOS_DEPLOYMENT_TARGET = 9.0;
				MTL_ENABLE_DEBUG_INFO = YES;
				ONLY_ACTIVE_ARCH = YES;
				SDKROOT = iphoneos;
				TARGETED_DEVICE_FAMILY = "1,2";
			};
			name = Debug;
		};
		DB67FECF1C3BD8FB00FC62E2 /* Release */ = {
			isa = XCBuildConfiguration;
			buildSettings = {
				ALWAYS_SEARCH_USER_PATHS = NO;
				CLANG_CXX_LANGUAGE_STANDARD = "gnu++0x";
				CLANG_CXX_LIBRARY = "libc++";
				CLANG_ENABLE_MODULES = YES;
				CLANG_ENABLE_OBJC_ARC = YES;
				CLANG_WARN_BOOL_CONVERSION = YES;
				CLANG_WARN_CONSTANT_CONVERSION = YES;
				CLANG_WARN_DIRECT_OBJC_ISA_USAGE = YES_ERROR;
				CLANG_WARN_EMPTY_BODY = YES;
				CLANG_WARN_ENUM_CONVERSION = YES;
				CLANG_WARN_INT_CONVERSION = YES;
				CLANG_WARN_OBJC_ROOT_CLASS = YES_ERROR;
				CLANG_WARN_UNREACHABLE_CODE = YES;
				CLANG_WARN__DUPLICATE_METHOD_MATCH = YES;
				"CODE_SIGN_IDENTITY[sdk=iphoneos*]" = "iPhone Developer";
				COPY_PHASE_STRIP = NO;
				DEBUG_INFORMATION_FORMAT = "dwarf-with-dsym";
				ENABLE_NS_ASSERTIONS = NO;
				ENABLE_STRICT_OBJC_MSGSEND = YES;
				GCC_C_LANGUAGE_STANDARD = gnu99;
				GCC_NO_COMMON_BLOCKS = YES;
				GCC_WARN_64_TO_32_BIT_CONVERSION = YES;
				GCC_WARN_ABOUT_RETURN_TYPE = YES_ERROR;
				GCC_WARN_UNDECLARED_SELECTOR = YES;
				GCC_WARN_UNINITIALIZED_AUTOS = YES_AGGRESSIVE;
				GCC_WARN_UNUSED_FUNCTION = YES;
				GCC_WARN_UNUSED_VARIABLE = YES;
				IPHONEOS_DEPLOYMENT_TARGET = 9.0;
				MTL_ENABLE_DEBUG_INFO = NO;
				SDKROOT = iphoneos;
				TARGETED_DEVICE_FAMILY = "1,2";
				VALIDATE_PRODUCT = YES;
			};
			name = Release;
		};
		DB67FED11C3BD8FB00FC62E2 /* Debug */ = {
			isa = XCBuildConfiguration;
			baseConfigurationReference = DDC96F5213E98AC9D6EAF4A0 /* Pods-Cupsters.debug.xcconfig */;
			buildSettings = {
				ASSETCATALOG_COMPILER_APPICON_NAME = AppIcon;
				CODE_SIGN_IDENTITY = "iPhone Developer";
				INFOPLIST_FILE = Cupsters/Info.plist;
				LD_RUNPATH_SEARCH_PATHS = "$(inherited) @executable_path/Frameworks";
				PRODUCT_BUNDLE_IDENTIFIER = com.reutskiy.cupsters;
				PRODUCT_NAME = "$(TARGET_NAME)";
			};
			name = Debug;
		};
		DB67FED21C3BD8FB00FC62E2 /* Release */ = {
			isa = XCBuildConfiguration;
			baseConfigurationReference = DAB1AEDCFE52DD16B159BD48 /* Pods-Cupsters.release.xcconfig */;
			buildSettings = {
				ASSETCATALOG_COMPILER_APPICON_NAME = AppIcon;
				CODE_SIGN_IDENTITY = "iPhone Developer";
				INFOPLIST_FILE = Cupsters/Info.plist;
				LD_RUNPATH_SEARCH_PATHS = "$(inherited) @executable_path/Frameworks";
				PRODUCT_BUNDLE_IDENTIFIER = com.reutskiy.cupsters;
				PRODUCT_NAME = "$(TARGET_NAME)";
			};
			name = Release;
		};
/* End XCBuildConfiguration section */

/* Begin XCConfigurationList section */
		DB67FEB11C3BD8FB00FC62E2 /* Build configuration list for PBXProject "Cupsters" */ = {
			isa = XCConfigurationList;
			buildConfigurations = (
				DB67FECE1C3BD8FB00FC62E2 /* Debug */,
				DB67FECF1C3BD8FB00FC62E2 /* Release */,
			);
			defaultConfigurationIsVisible = 0;
			defaultConfigurationName = Release;
		};
		DB67FED01C3BD8FB00FC62E2 /* Build configuration list for PBXNativeTarget "Cupsters" */ = {
			isa = XCConfigurationList;
			buildConfigurations = (
				DB67FED11C3BD8FB00FC62E2 /* Debug */,
				DB67FED21C3BD8FB00FC62E2 /* Release */,
			);
			defaultConfigurationIsVisible = 0;
			defaultConfigurationName = Release;
		};
/* End XCConfigurationList section */

/* Begin XCVersionGroup section */
		DB67FEC51C3BD8FB00FC62E2 /* Cupsters.xcdatamodeld */ = {
			isa = XCVersionGroup;
			children = (
				DB67FEC61C3BD8FB00FC62E2 /* Cupsters.xcdatamodel */,
			);
			currentVersion = DB67FEC61C3BD8FB00FC62E2 /* Cupsters.xcdatamodel */;
			path = Cupsters.xcdatamodeld;
			sourceTree = "<group>";
			versionGroupType = wrapper.xcdatamodel;
		};
/* End XCVersionGroup section */
	};
	rootObject = DB67FEAE1C3BD8FB00FC62E2 /* Project object */;
}
